// !$*UTF8*$!
{
	archiveVersion = 1;
	classes = {
	};
	objectVersion = 50;
	objects = {

/* Begin PBXBuildFile section */
		BC82425B217B17590011CA7F /* AppDelegate.swift in Sources */ = {isa = PBXBuildFile; fileRef = BC82425A217B17590011CA7F /* AppDelegate.swift */; };
		BC82425D217B17590011CA7F /* ViewController.swift in Sources */ = {isa = PBXBuildFile; fileRef = BC82425C217B17590011CA7F /* ViewController.swift */; };
		BC824260217B175A0011CA7F /* Main.storyboard in Resources */ = {isa = PBXBuildFile; fileRef = BC82425E217B175A0011CA7F /* Main.storyboard */; };
		BC824262217B175D0011CA7F /* Assets.xcassets in Resources */ = {isa = PBXBuildFile; fileRef = BC824261217B175D0011CA7F /* Assets.xcassets */; };
		BC824265217B175D0011CA7F /* LaunchScreen.storyboard in Resources */ = {isa = PBXBuildFile; fileRef = BC824263217B175D0011CA7F /* LaunchScreen.storyboard */; };
		BC824270217B175E0011CA7F /* LeetcodeTests.swift in Sources */ = {isa = PBXBuildFile; fileRef = BC82426F217B175E0011CA7F /* LeetcodeTests.swift */; };
		F00EE6362543D3EF004B5864 /* Q18-4Sum.swift in Sources */ = {isa = PBXBuildFile; fileRef = F00EE6352543D3EF004B5864 /* Q18-4Sum.swift */; };
		F00EE63825440274004B5864 /* Q219_ContainsDuplicateII.swift in Sources */ = {isa = PBXBuildFile; fileRef = F00EE63725440274004B5864 /* Q219_ContainsDuplicateII.swift */; };
		F0194716254FD8A900F1AA09 /* Q404-SumOfLeftLeaves.swift in Sources */ = {isa = PBXBuildFile; fileRef = F0194715254FD8A900F1AA09 /* Q404-SumOfLeftLeaves.swift */; };
		F02A32532548626400230EE9 /* Q11-ContainerWithMostWater.swift in Sources */ = {isa = PBXBuildFile; fileRef = F02A32522548626300230EE9 /* Q11-ContainerWithMostWater.swift */; };
		F02A3255254E8AD500230EE9 /* Q46-Permutations.swift in Sources */ = {isa = PBXBuildFile; fileRef = F02A3254254E8AD500230EE9 /* Q46-Permutations.swift */; };
		F02A3257254E9D2500230EE9 /* Q48-RotateImage.swift in Sources */ = {isa = PBXBuildFile; fileRef = F02A3256254E9D2500230EE9 /* Q48-RotateImage.swift */; };
		F02A3259254EB32800230EE9 /* Q17-LetterCombinationsOfAPhoneNumber.swift in Sources */ = {isa = PBXBuildFile; fileRef = F02A3258254EB32800230EE9 /* Q17-LetterCombinationsOfAPhoneNumber.swift */; };
		F02A325B254EB42700230EE9 /* Q22-GenerateParentheses.swift in Sources */ = {isa = PBXBuildFile; fileRef = F02A325A254EB42700230EE9 /* Q22-GenerateParentheses.swift */; };
		F02A325F2555A1AE00230EE9 /* Q47-Permutations2.swift in Sources */ = {isa = PBXBuildFile; fileRef = F02A325E2555A1AE00230EE9 /* Q47-Permutations2.swift */; };
		F02A32622557C9AD00230EE9 /* Q49-GroupAnagrams.swift in Sources */ = {isa = PBXBuildFile; fileRef = F02A32612557C9AD00230EE9 /* Q49-GroupAnagrams.swift */; };
		F02A3264255ADFF400230EE9 /* Q62-UniquePaths.swift in Sources */ = {isa = PBXBuildFile; fileRef = F02A3263255ADFF400230EE9 /* Q62-UniquePaths.swift */; };
		F02A3266255AE0DB00230EE9 /* Q412-FizzBuzz.swift in Sources */ = {isa = PBXBuildFile; fileRef = F02A3265255AE0DB00230EE9 /* Q412-FizzBuzz.swift */; };
		F02A3268255AE5E200230EE9 /* Q383-RansomNote.swift in Sources */ = {isa = PBXBuildFile; fileRef = F02A3267255AE5E200230EE9 /* Q383-RansomNote.swift */; };
		F043BCF82568B67600B14544 /* Q461-HammingDistance .swift in Sources */ = {isa = PBXBuildFile; fileRef = F043BCF72568B67600B14544 /* Q461-HammingDistance .swift */; };
		F0482190250687A000740590 /* Definition.swift in Sources */ = {isa = PBXBuildFile; fileRef = F048218F250687A000740590 /* Definition.swift */; };
		F0482192250FBA2000740590 /* Extension_String.swift in Sources */ = {isa = PBXBuildFile; fileRef = F0482191250FBA2000740590 /* Extension_String.swift */; };
		F048219525237E4400740590 /* Extension_Int.swift in Sources */ = {isa = PBXBuildFile; fileRef = F048219425237E4400740590 /* Extension_Int.swift */; };
		F04989DD255F80B300FDE8DC /* Q264-UglyNumberII.swift in Sources */ = {isa = PBXBuildFile; fileRef = F04989DC255F80B300FDE8DC /* Q264-UglyNumberII.swift */; };
		F04989DF255F85A900FDE8DC /* Q40-CombinationSumII.swift in Sources */ = {isa = PBXBuildFile; fileRef = F04989DE255F85A900FDE8DC /* Q40-CombinationSumII.swift */; };
		F04989E12562C44200FDE8DC /* Q414-ThirdMaximumNumber.swift in Sources */ = {isa = PBXBuildFile; fileRef = F04989E02562C44200FDE8DC /* Q414-ThirdMaximumNumber.swift */; };
		F058E8F025428845002885CC /* Q15-3Sum.swift in Sources */ = {isa = PBXBuildFile; fileRef = F058E8EF25428845002885CC /* Q15-3Sum.swift */; };
		F058E8F2254288D0002885CC /* Executable.swift in Sources */ = {isa = PBXBuildFile; fileRef = F058E8F1254288D0002885CC /* Executable.swift */; };
		F058E8FD2542D612002885CC /* Q16-3SumClosest.swift in Sources */ = {isa = PBXBuildFile; fileRef = F058E8FC2542D612002885CC /* Q16-3SumClosest.swift */; };
		F058E8FF2542D6B6002885CC /* Q39-CombinationSum.swift in Sources */ = {isa = PBXBuildFile; fileRef = F058E8FE2542D6B6002885CC /* Q39-CombinationSum.swift */; };
		F058E9012542D90F002885CC /* Q3-LongestSubstringWithoutRepeatingCharacters.swift in Sources */ = {isa = PBXBuildFile; fileRef = F058E9002542D90F002885CC /* Q3-LongestSubstringWithoutRepeatingCharacters.swift */; };
		F058E9032542DA04002885CC /* Q2_AddTwoNumbers.swift in Sources */ = {isa = PBXBuildFile; fileRef = F058E9022542DA04002885CC /* Q2_AddTwoNumbers.swift */; };
		F058E90B2546797D002885CC /* Q260_SingleNumber|||.swift in Sources */ = {isa = PBXBuildFile; fileRef = F058E90A2546797D002885CC /* Q260_SingleNumber|||.swift */; };
		F058E90D25467BCD002885CC /* Q392_IsSubsequence.swift in Sources */ = {isa = PBXBuildFile; fileRef = F058E90C25467BCD002885CC /* Q392_IsSubsequence.swift */; };
		F05C92052330C174003DB2EB /* YahooInterview.swift in Sources */ = {isa = PBXBuildFile; fileRef = F05C92042330C174003DB2EB /* YahooInterview.swift */; };
		F05C92072330C1A6003DB2EB /* Leetcode.swift in Sources */ = {isa = PBXBuildFile; fileRef = F05C92062330C1A6003DB2EB /* Leetcode.swift */; };
		F05C92092330C469003DB2EB /* LeetcodeStack.swift in Sources */ = {isa = PBXBuildFile; fileRef = F05C92082330C469003DB2EB /* LeetcodeStack.swift */; };
		F082AD44256BB6A800DE5AAD /* Q500-KeyboardRow.swift in Sources */ = {isa = PBXBuildFile; fileRef = F082AD43256BB6A800DE5AAD /* Q500-KeyboardRow.swift */; };
		F082AD7C25760EB700DE5AAD /* SYBaseTestCase.swift in Sources */ = {isa = PBXBuildFile; fileRef = F082AD7B25760EB700DE5AAD /* SYBaseTestCase.swift */; };
		F082AD7E25760EF800DE5AAD /* Testable.swift in Sources */ = {isa = PBXBuildFile; fileRef = F082AD7D25760EF800DE5AAD /* Testable.swift */; };
		F0E80F562342F9AC00808912 /* ClosurePractice.swift in Sources */ = {isa = PBXBuildFile; fileRef = F0E80F552342F9AC00808912 /* ClosurePractice.swift */; };
		F0E80F582342FA5600808912 /* Others.swift in Sources */ = {isa = PBXBuildFile; fileRef = F0E80F572342FA5600808912 /* Others.swift */; };
		F0FDA5E625621E6500522381 /* Q11-ContainerWithMostWater_Test.swift in Sources */ = {isa = PBXBuildFile; fileRef = F0FDA5E525621E6500522381 /* Q11-ContainerWithMostWater_Test.swift */; };
/* End PBXBuildFile section */

/* Begin PBXContainerItemProxy section */
		BC82426C217B175E0011CA7F /* PBXContainerItemProxy */ = {
			isa = PBXContainerItemProxy;
			containerPortal = BC82424F217B17590011CA7F /* Project object */;
			proxyType = 1;
			remoteGlobalIDString = BC824256217B17590011CA7F;
			remoteInfo = Leetcode;
		};
/* End PBXContainerItemProxy section */

/* Begin PBXFileReference section */
		BC824257217B17590011CA7F /* Leetcode.app */ = {isa = PBXFileReference; explicitFileType = wrapper.application; includeInIndex = 0; path = Leetcode.app; sourceTree = BUILT_PRODUCTS_DIR; };
		BC82425A217B17590011CA7F /* AppDelegate.swift */ = {isa = PBXFileReference; lastKnownFileType = sourcecode.swift; path = AppDelegate.swift; sourceTree = "<group>"; };
		BC82425C217B17590011CA7F /* ViewController.swift */ = {isa = PBXFileReference; lastKnownFileType = sourcecode.swift; path = ViewController.swift; sourceTree = "<group>"; };
		BC82425F217B175A0011CA7F /* Base */ = {isa = PBXFileReference; lastKnownFileType = file.storyboard; name = Base; path = Base.lproj/Main.storyboard; sourceTree = "<group>"; };
		BC824261217B175D0011CA7F /* Assets.xcassets */ = {isa = PBXFileReference; lastKnownFileType = folder.assetcatalog; path = Assets.xcassets; sourceTree = "<group>"; };
		BC824264217B175D0011CA7F /* Base */ = {isa = PBXFileReference; lastKnownFileType = file.storyboard; name = Base; path = Base.lproj/LaunchScreen.storyboard; sourceTree = "<group>"; };
		BC824266217B175D0011CA7F /* Info.plist */ = {isa = PBXFileReference; lastKnownFileType = text.plist.xml; path = Info.plist; sourceTree = "<group>"; };
		BC82426B217B175E0011CA7F /* LeetcodeTests.xctest */ = {isa = PBXFileReference; explicitFileType = wrapper.cfbundle; includeInIndex = 0; path = LeetcodeTests.xctest; sourceTree = BUILT_PRODUCTS_DIR; };
		BC82426F217B175E0011CA7F /* LeetcodeTests.swift */ = {isa = PBXFileReference; lastKnownFileType = sourcecode.swift; path = LeetcodeTests.swift; sourceTree = "<group>"; };
		BC824271217B175E0011CA7F /* Info.plist */ = {isa = PBXFileReference; lastKnownFileType = text.plist.xml; path = Info.plist; sourceTree = "<group>"; };
		F00EE6352543D3EF004B5864 /* Q18-4Sum.swift */ = {isa = PBXFileReference; lastKnownFileType = sourcecode.swift; path = "Q18-4Sum.swift"; sourceTree = "<group>"; };
		F00EE63725440274004B5864 /* Q219_ContainsDuplicateII.swift */ = {isa = PBXFileReference; lastKnownFileType = sourcecode.swift; name = Q219_ContainsDuplicateII.swift; path = Leetcode/LeetcodeQuestion/Medium/Array/Q219_ContainsDuplicateII.swift; sourceTree = SOURCE_ROOT; };
		F0194715254FD8A900F1AA09 /* Q404-SumOfLeftLeaves.swift */ = {isa = PBXFileReference; lastKnownFileType = sourcecode.swift; path = "Q404-SumOfLeftLeaves.swift"; sourceTree = "<group>"; };
		F02A32522548626300230EE9 /* Q11-ContainerWithMostWater.swift */ = {isa = PBXFileReference; lastKnownFileType = sourcecode.swift; path = "Q11-ContainerWithMostWater.swift"; sourceTree = "<group>"; };
		F02A3254254E8AD500230EE9 /* Q46-Permutations.swift */ = {isa = PBXFileReference; lastKnownFileType = sourcecode.swift; name = "Q46-Permutations.swift"; path = "Leetcode/LeetcodeQuestion/Medium/Q46-Permutations.swift"; sourceTree = SOURCE_ROOT; };
		F02A3256254E9D2500230EE9 /* Q48-RotateImage.swift */ = {isa = PBXFileReference; lastKnownFileType = sourcecode.swift; path = "Q48-RotateImage.swift"; sourceTree = "<group>"; };
		F02A3258254EB32800230EE9 /* Q17-LetterCombinationsOfAPhoneNumber.swift */ = {isa = PBXFileReference; lastKnownFileType = sourcecode.swift; name = "Q17-LetterCombinationsOfAPhoneNumber.swift"; path = "Leetcode/LeetcodeQuestion/Medium/Array/Q17-LetterCombinationsOfAPhoneNumber.swift"; sourceTree = SOURCE_ROOT; };
		F02A325A254EB42700230EE9 /* Q22-GenerateParentheses.swift */ = {isa = PBXFileReference; lastKnownFileType = sourcecode.swift; name = "Q22-GenerateParentheses.swift"; path = "Leetcode/LeetcodeQuestion/Medium/Array/Q22-GenerateParentheses.swift"; sourceTree = SOURCE_ROOT; };
		F02A325E2555A1AE00230EE9 /* Q47-Permutations2.swift */ = {isa = PBXFileReference; lastKnownFileType = sourcecode.swift; name = "Q47-Permutations2.swift"; path = "Leetcode/LeetcodeQuestion/Medium/Array/Q47-Permutations2.swift"; sourceTree = SOURCE_ROOT; };
		F02A32612557C9AD00230EE9 /* Q49-GroupAnagrams.swift */ = {isa = PBXFileReference; lastKnownFileType = sourcecode.swift; path = "Q49-GroupAnagrams.swift"; sourceTree = "<group>"; };
		F02A3263255ADFF400230EE9 /* Q62-UniquePaths.swift */ = {isa = PBXFileReference; lastKnownFileType = sourcecode.swift; path = "Q62-UniquePaths.swift"; sourceTree = "<group>"; };
		F02A3265255AE0DB00230EE9 /* Q412-FizzBuzz.swift */ = {isa = PBXFileReference; lastKnownFileType = sourcecode.swift; name = "Q412-FizzBuzz.swift"; path = "Leetcode/LeetcodeQuestion/Medium/Array/Q412-FizzBuzz.swift"; sourceTree = SOURCE_ROOT; };
		F02A3267255AE5E200230EE9 /* Q383-RansomNote.swift */ = {isa = PBXFileReference; lastKnownFileType = sourcecode.swift; name = "Q383-RansomNote.swift"; path = "Leetcode/LeetcodeQuestion/Medium/Array/Q383-RansomNote.swift"; sourceTree = SOURCE_ROOT; };
		F043BCF72568B67600B14544 /* Q461-HammingDistance .swift */ = {isa = PBXFileReference; lastKnownFileType = sourcecode.swift; path = "Q461-HammingDistance .swift"; sourceTree = "<group>"; };
		F048218F250687A000740590 /* Definition.swift */ = {isa = PBXFileReference; lastKnownFileType = sourcecode.swift; path = Definition.swift; sourceTree = "<group>"; };
		F0482191250FBA2000740590 /* Extension_String.swift */ = {isa = PBXFileReference; lastKnownFileType = sourcecode.swift; path = Extension_String.swift; sourceTree = "<group>"; };
		F048219425237E4400740590 /* Extension_Int.swift */ = {isa = PBXFileReference; lastKnownFileType = sourcecode.swift; path = Extension_Int.swift; sourceTree = "<group>"; };
		F04989DC255F80B300FDE8DC /* Q264-UglyNumberII.swift */ = {isa = PBXFileReference; lastKnownFileType = sourcecode.swift; name = "Q264-UglyNumberII.swift"; path = "Leetcode/LeetcodeQuestion/Medium/Array/Q264-UglyNumberII.swift"; sourceTree = SOURCE_ROOT; };
		F04989DE255F85A900FDE8DC /* Q40-CombinationSumII.swift */ = {isa = PBXFileReference; lastKnownFileType = sourcecode.swift; path = "Q40-CombinationSumII.swift"; sourceTree = "<group>"; };
		F04989E02562C44200FDE8DC /* Q414-ThirdMaximumNumber.swift */ = {isa = PBXFileReference; lastKnownFileType = sourcecode.swift; name = "Q414-ThirdMaximumNumber.swift"; path = "Leetcode/LeetcodeQuestion/Medium/Array/Q414-ThirdMaximumNumber.swift"; sourceTree = SOURCE_ROOT; };
		F058E8EF25428845002885CC /* Q15-3Sum.swift */ = {isa = PBXFileReference; lastKnownFileType = sourcecode.swift; path = "Q15-3Sum.swift"; sourceTree = "<group>"; };
		F058E8F1254288D0002885CC /* Executable.swift */ = {isa = PBXFileReference; lastKnownFileType = sourcecode.swift; path = Executable.swift; sourceTree = "<group>"; };
		F058E8FC2542D612002885CC /* Q16-3SumClosest.swift */ = {isa = PBXFileReference; lastKnownFileType = sourcecode.swift; path = "Q16-3SumClosest.swift"; sourceTree = "<group>"; };
		F058E8FE2542D6B6002885CC /* Q39-CombinationSum.swift */ = {isa = PBXFileReference; lastKnownFileType = sourcecode.swift; path = "Q39-CombinationSum.swift"; sourceTree = "<group>"; };
		F058E9002542D90F002885CC /* Q3-LongestSubstringWithoutRepeatingCharacters.swift */ = {isa = PBXFileReference; lastKnownFileType = sourcecode.swift; path = "Q3-LongestSubstringWithoutRepeatingCharacters.swift"; sourceTree = "<group>"; };
		F058E9022542DA04002885CC /* Q2_AddTwoNumbers.swift */ = {isa = PBXFileReference; lastKnownFileType = sourcecode.swift; path = Q2_AddTwoNumbers.swift; sourceTree = "<group>"; };
		F058E90A2546797D002885CC /* Q260_SingleNumber|||.swift */ = {isa = PBXFileReference; lastKnownFileType = sourcecode.swift; path = "Q260_SingleNumber|||.swift"; sourceTree = "<group>"; };
		F058E90C25467BCD002885CC /* Q392_IsSubsequence.swift */ = {isa = PBXFileReference; lastKnownFileType = sourcecode.swift; path = Q392_IsSubsequence.swift; sourceTree = "<group>"; };
		F05C92042330C174003DB2EB /* YahooInterview.swift */ = {isa = PBXFileReference; lastKnownFileType = sourcecode.swift; path = YahooInterview.swift; sourceTree = "<group>"; };
		F05C92062330C1A6003DB2EB /* Leetcode.swift */ = {isa = PBXFileReference; lastKnownFileType = sourcecode.swift; path = Leetcode.swift; sourceTree = "<group>"; };
		F05C92082330C469003DB2EB /* LeetcodeStack.swift */ = {isa = PBXFileReference; lastKnownFileType = sourcecode.swift; path = LeetcodeStack.swift; sourceTree = "<group>"; };
		F082AD43256BB6A800DE5AAD /* Q500-KeyboardRow.swift */ = {isa = PBXFileReference; lastKnownFileType = sourcecode.swift; path = "Q500-KeyboardRow.swift"; sourceTree = "<group>"; };
		F082AD7B25760EB700DE5AAD /* SYBaseTestCase.swift */ = {isa = PBXFileReference; lastKnownFileType = sourcecode.swift; name = SYBaseTestCase.swift; path = LeetcodeTests/SYBaseTestCase.swift; sourceTree = SOURCE_ROOT; };
		F082AD7D25760EF800DE5AAD /* Testable.swift */ = {isa = PBXFileReference; lastKnownFileType = sourcecode.swift; path = Testable.swift; sourceTree = "<group>"; };
		F0E80F552342F9AC00808912 /* ClosurePractice.swift */ = {isa = PBXFileReference; lastKnownFileType = sourcecode.swift; path = ClosurePractice.swift; sourceTree = "<group>"; };
		F0E80F572342FA5600808912 /* Others.swift */ = {isa = PBXFileReference; lastKnownFileType = sourcecode.swift; path = Others.swift; sourceTree = "<group>"; };
		F0FDA5E525621E6500522381 /* Q11-ContainerWithMostWater_Test.swift */ = {isa = PBXFileReference; lastKnownFileType = sourcecode.swift; path = "Q11-ContainerWithMostWater_Test.swift"; sourceTree = "<group>"; };
/* End PBXFileReference section */

/* Begin PBXFrameworksBuildPhase section */
		BC824254217B17590011CA7F /* Frameworks */ = {
			isa = PBXFrameworksBuildPhase;
			buildActionMask = 2147483647;
			files = (
			);
			runOnlyForDeploymentPostprocessing = 0;
		};
		BC824268217B175E0011CA7F /* Frameworks */ = {
			isa = PBXFrameworksBuildPhase;
			buildActionMask = 2147483647;
			files = (
			);
			runOnlyForDeploymentPostprocessing = 0;
		};
/* End PBXFrameworksBuildPhase section */

/* Begin PBXGroup section */
		BC82424E217B17590011CA7F = {
			isa = PBXGroup;
			children = (
				BC824259217B17590011CA7F /* Leetcode */,
				BC82426E217B175E0011CA7F /* LeetcodeTests */,
				BC824258217B17590011CA7F /* Products */,
			);
			sourceTree = "<group>";
		};
		BC824258217B17590011CA7F /* Products */ = {
			isa = PBXGroup;
			children = (
				BC824257217B17590011CA7F /* Leetcode.app */,
				BC82426B217B175E0011CA7F /* LeetcodeTests.xctest */,
			);
			name = Products;
			sourceTree = "<group>";
		};
		BC824259217B17590011CA7F /* Leetcode */ = {
			isa = PBXGroup;
			children = (
				BC82425A217B17590011CA7F /* AppDelegate.swift */,
				BC82425C217B17590011CA7F /* ViewController.swift */,
				BC82425E217B175A0011CA7F /* Main.storyboard */,
				BC824261217B175D0011CA7F /* Assets.xcassets */,
				BC824263217B175D0011CA7F /* LaunchScreen.storyboard */,
				BC824266217B175D0011CA7F /* Info.plist */,
				F05C92042330C174003DB2EB /* YahooInterview.swift */,
				F0E80F592342FAF300808912 /* LeetcodeQuestion */,
				F0E80F552342F9AC00808912 /* ClosurePractice.swift */,
				F0E80F572342FA5600808912 /* Others.swift */,
				F048218F250687A000740590 /* Definition.swift */,
				F058E8C725428562002885CC /* Extensions */,
			);
			path = Leetcode;
			sourceTree = "<group>";
		};
		BC82426E217B175E0011CA7F /* LeetcodeTests */ = {
			isa = PBXGroup;
			children = (
				F0FDA5E525621E6500522381 /* Q11-ContainerWithMostWater_Test.swift */,
				F082AD7B25760EB700DE5AAD /* SYBaseTestCase.swift */,
				BC82426F217B175E0011CA7F /* LeetcodeTests.swift */,
				BC824271217B175E0011CA7F /* Info.plist */,
				F082AD7D25760EF800DE5AAD /* Testable.swift */,
			);
			path = LeetcodeTests;
			sourceTree = "<group>";
		};
		F043BCF92568B67E00B14544 /* BitManipulation  */ = {
			isa = PBXGroup;
			children = (
				F043BCF72568B67600B14544 /* Q461-HammingDistance .swift */,
			);
			path = "BitManipulation ";
            sourceTree = "<group>";
		};
		F0194717254FD8AD00F1AA09 /* Tree */ = {
			isa = PBXGroup;
			children = (
				F0194715254FD8A900F1AA09 /* Q404-SumOfLeftLeaves.swift */,
			);
			path = Tree;
			sourceTree = "<group>";
		};
		F058E8C725428562002885CC /* Extensions */ = {
			isa = PBXGroup;
			children = (
				F0482191250FBA2000740590 /* Extension_String.swift */,
				F048219425237E4400740590 /* Extension_Int.swift */,
			);
			path = Extensions;
			sourceTree = "<group>";
		};
		F058E8C82542859E002885CC /* Easy */ = {
			isa = PBXGroup;
			children = (
				F058E8CB2542863F002885CC /* Array */,
				F058E8D025428679002885CC /* Backtracking */,
				F058E8D3254286AF002885CC /* BinarySearch */,
				F058E8D225428697002885CC /* DivideAndConquer */,
				F058E8D125428689002885CC /* DynamicProgramming */,
				F058E8CC25428645002885CC /* HashTable */,
				F058E8D6254286E8002885CC /* Heap */,
				F058E8CD25428650002885CC /* LinkedList */,
				F058E8CE2542865F002885CC /* Math */,
				F058E8D5254286DD002885CC /* Stack */,
				F058E8D4254286BC002885CC /* String */,
				F058E8CF25428663002885CC /* TwoPointers */,
				F043BCF92568B67E00B14544 /* BitManipulation  */,
				F0194717254FD8AD00F1AA09 /* Tree */,
			);
			path = Easy;
			sourceTree = "<group>";
		};
		F058E8C9254285A6002885CC /* Medium */ = {
			isa = PBXGroup;
			children = (
				F058E8DD25428743002885CC /* Array */,
				F058E8D725428743002885CC /* Backtracking */,
				F058E8DC25428743002885CC /* BinarySearch */,
				F058E9092546794A002885CC /* Bit Manipulation  */,
				F058E8DE25428743002885CC /* DivideAndConquer */,
				F058E8DB25428743002885CC /* DynamicProgramming */,
				F058E8E125428743002885CC /* HashTable */,
				F058E8D825428743002885CC /* Heap */,
				F058E8DF25428743002885CC /* LinkedList */,
				F058E8D925428743002885CC /* Math */,
				F058E8E225428744002885CC /* Stack */,
				F058E8DA25428743002885CC /* String */,
				F058E8E025428743002885CC /* TwoPointers */,
			);
			path = Medium;
			sourceTree = "<group>";
		};
		F058E8CA254285AC002885CC /* Hard */ = {
			isa = PBXGroup;
			children = (
				F058E8ED2542874A002885CC /* Array */,
				F058E8E32542874A002885CC /* Backtracking */,
				F058E8E52542874A002885CC /* BinarySearch */,
				F058E8E42542874A002885CC /* DivideAndConquer */,
				F058E8EA2542874A002885CC /* DynamicProgramming */,
				F058E8EC2542874A002885CC /* HashTable */,
				F058E8E82542874A002885CC /* Heap */,
				F058E8E72542874A002885CC /* LinkedList */,
				F058E8EB2542874A002885CC /* Math */,
				F058E8E62542874A002885CC /* Stack */,
				F058E8EE2542874A002885CC /* String */,
				F058E8E92542874A002885CC /* TwoPointers */,
			);
			path = Hard;
			sourceTree = "<group>";
		};
		F058E8CB2542863F002885CC /* Array */ = {
			isa = PBXGroup;
			children = (
				F00EE63725440274004B5864 /* Q219_ContainsDuplicateII.swift */,
				F02A3265255AE0DB00230EE9 /* Q412-FizzBuzz.swift */,
				F04989E02562C44200FDE8DC /* Q414-ThirdMaximumNumber.swift */,
			);
			path = Array;
			sourceTree = "<group>";
		};
		F058E8CC25428645002885CC /* HashTable */ = {
			isa = PBXGroup;
			children = (
				F082AD43256BB6A800DE5AAD /* Q500-KeyboardRow.swift */,
			);
			path = HashTable;
			sourceTree = "<group>";
		};
		F058E8CD25428650002885CC /* LinkedList */ = {
			isa = PBXGroup;
			children = (
			);
			path = LinkedList;
			sourceTree = "<group>";
		};
		F058E8CE2542865F002885CC /* Math */ = {
			isa = PBXGroup;
			children = (
			);
			path = Math;
			sourceTree = "<group>";
		};
		F058E8CF25428663002885CC /* TwoPointers */ = {
			isa = PBXGroup;
			children = (
			);
			path = TwoPointers;
			sourceTree = "<group>";
		};
		F058E8D025428679002885CC /* Backtracking */ = {
			isa = PBXGroup;
			children = (
			);
			path = Backtracking;
			sourceTree = "<group>";
		};
		F058E8D125428689002885CC /* DynamicProgramming */ = {
			isa = PBXGroup;
			children = (
			);
			path = DynamicProgramming;
			sourceTree = "<group>";
		};
		F058E8D225428697002885CC /* DivideAndConquer */ = {
			isa = PBXGroup;
			children = (
			);
			path = DivideAndConquer;
			sourceTree = "<group>";
		};
		F058E8D3254286AF002885CC /* BinarySearch */ = {
			isa = PBXGroup;
			children = (
				F058E90C25467BCD002885CC /* Q392_IsSubsequence.swift */,
			);
			path = BinarySearch;
			sourceTree = "<group>";
		};
		F058E8D4254286BC002885CC /* String */ = {
			isa = PBXGroup;
			children = (
				F02A3267255AE5E200230EE9 /* Q383-RansomNote.swift */,
			);
			path = String;
			sourceTree = "<group>";
		};
		F058E8D5254286DD002885CC /* Stack */ = {
			isa = PBXGroup;
			children = (
			);
			path = Stack;
			sourceTree = "<group>";
		};
		F058E8D6254286E8002885CC /* Heap */ = {
			isa = PBXGroup;
			children = (
			);
			path = Heap;
			sourceTree = "<group>";
		};
		F058E8D725428743002885CC /* Backtracking */ = {
			isa = PBXGroup;
			children = (
				F02A3254254E8AD500230EE9 /* Q46-Permutations.swift */,
				F02A3258254EB32800230EE9 /* Q17-LetterCombinationsOfAPhoneNumber.swift */,
				F02A325A254EB42700230EE9 /* Q22-GenerateParentheses.swift */,
				F02A325E2555A1AE00230EE9 /* Q47-Permutations2.swift */,
			);
			path = Backtracking;
			sourceTree = "<group>";
		};
		F058E8D825428743002885CC /* Heap */ = {
			isa = PBXGroup;
			children = (
			);
			path = Heap;
			sourceTree = "<group>";
		};
		F058E8D925428743002885CC /* Math */ = {
			isa = PBXGroup;
			children = (
				F04989DC255F80B300FDE8DC /* Q264-UglyNumberII.swift */,
			);
			path = Math;
			sourceTree = "<group>";
		};
		F058E8DA25428743002885CC /* String */ = {
			isa = PBXGroup;
			children = (
			);
			path = String;
			sourceTree = "<group>";
		};
		F058E8DB25428743002885CC /* DynamicProgramming */ = {
			isa = PBXGroup;
			children = (
			);
			path = DynamicProgramming;
			sourceTree = "<group>";
		};
		F058E8DC25428743002885CC /* BinarySearch */ = {
			isa = PBXGroup;
			children = (
			);
			path = BinarySearch;
			sourceTree = "<group>";
		};
		F058E8DD25428743002885CC /* Array */ = {
			isa = PBXGroup;
			children = (
				F02A32522548626300230EE9 /* Q11-ContainerWithMostWater.swift */,
				F058E8EF25428845002885CC /* Q15-3Sum.swift */,
				F058E8FC2542D612002885CC /* Q16-3SumClosest.swift */,
				F00EE6352543D3EF004B5864 /* Q18-4Sum.swift */,
				F058E8FE2542D6B6002885CC /* Q39-CombinationSum.swift */,
				F02A3256254E9D2500230EE9 /* Q48-RotateImage.swift */,
				F02A3263255ADFF400230EE9 /* Q62-UniquePaths.swift */,
				F04989DE255F85A900FDE8DC /* Q40-CombinationSumII.swift */,
			);
			path = Array;
			sourceTree = "<group>";
		};
		F058E8DE25428743002885CC /* DivideAndConquer */ = {
			isa = PBXGroup;
			children = (
			);
			path = DivideAndConquer;
			sourceTree = "<group>";
		};
		F058E8DF25428743002885CC /* LinkedList */ = {
			isa = PBXGroup;
			children = (
				F058E9022542DA04002885CC /* Q2_AddTwoNumbers.swift */,
			);
			path = LinkedList;
			sourceTree = "<group>";
		};
		F058E8E025428743002885CC /* TwoPointers */ = {
			isa = PBXGroup;
			children = (
			);
			path = TwoPointers;
			sourceTree = "<group>";
		};
		F058E8E125428743002885CC /* HashTable */ = {
			isa = PBXGroup;
			children = (
				F058E9002542D90F002885CC /* Q3-LongestSubstringWithoutRepeatingCharacters.swift */,
				F02A32612557C9AD00230EE9 /* Q49-GroupAnagrams.swift */,
			);
			path = HashTable;
			sourceTree = "<group>";
		};
		F058E8E225428744002885CC /* Stack */ = {
			isa = PBXGroup;
			children = (
			);
			path = Stack;
			sourceTree = "<group>";
		};
		F058E8E32542874A002885CC /* Backtracking */ = {
			isa = PBXGroup;
			children = (
			);
			path = Backtracking;
			sourceTree = "<group>";
		};
		F058E8E42542874A002885CC /* DivideAndConquer */ = {
			isa = PBXGroup;
			children = (
			);
			path = DivideAndConquer;
			sourceTree = "<group>";
		};
		F058E8E52542874A002885CC /* BinarySearch */ = {
			isa = PBXGroup;
			children = (
			);
			path = BinarySearch;
			sourceTree = "<group>";
		};
		F058E8E62542874A002885CC /* Stack */ = {
			isa = PBXGroup;
			children = (
			);
			path = Stack;
			sourceTree = "<group>";
		};
		F058E8E72542874A002885CC /* LinkedList */ = {
			isa = PBXGroup;
			children = (
			);
			path = LinkedList;
			sourceTree = "<group>";
		};
		F058E8E82542874A002885CC /* Heap */ = {
			isa = PBXGroup;
			children = (
			);
			path = Heap;
			sourceTree = "<group>";
		};
		F058E8E92542874A002885CC /* TwoPointers */ = {
			isa = PBXGroup;
			children = (
			);
			path = TwoPointers;
			sourceTree = "<group>";
		};
		F058E8EA2542874A002885CC /* DynamicProgramming */ = {
			isa = PBXGroup;
			children = (
			);
			path = DynamicProgramming;
			sourceTree = "<group>";
		};
		F058E8EB2542874A002885CC /* Math */ = {
			isa = PBXGroup;
			children = (
			);
			path = Math;
			sourceTree = "<group>";
		};
		F058E8EC2542874A002885CC /* HashTable */ = {
			isa = PBXGroup;
			children = (
			);
			path = HashTable;
			sourceTree = "<group>";
		};
		F058E8ED2542874A002885CC /* Array */ = {
			isa = PBXGroup;
			children = (
			);
			path = Array;
			sourceTree = "<group>";
		};
		F058E8EE2542874A002885CC /* String */ = {
			isa = PBXGroup;
			children = (
			);
			path = String;
			sourceTree = "<group>";
		};
		F058E9092546794A002885CC /* Bit Manipulation  */ = {
			isa = PBXGroup;
			children = (
				F058E90A2546797D002885CC /* Q260_SingleNumber|||.swift */,
			);
			path = "Bit Manipulation ";
			sourceTree = "<group>";
		};
		F0E80F592342FAF300808912 /* LeetcodeQuestion */ = {
			isa = PBXGroup;
			children = (
				F058E8C82542859E002885CC /* Easy */,
				F058E8C9254285A6002885CC /* Medium */,
				F058E8CA254285AC002885CC /* Hard */,
				F05C92062330C1A6003DB2EB /* Leetcode.swift */,
				F05C92082330C469003DB2EB /* LeetcodeStack.swift */,
				F058E8F1254288D0002885CC /* Executable.swift */,
			);
			path = LeetcodeQuestion;
			sourceTree = "<group>";
		};
/* End PBXGroup section */

/* Begin PBXNativeTarget section */
		BC824256217B17590011CA7F /* Leetcode */ = {
			isa = PBXNativeTarget;
			buildConfigurationList = BC824274217B175E0011CA7F /* Build configuration list for PBXNativeTarget "Leetcode" */;
			buildPhases = (
				BC824253217B17590011CA7F /* Sources */,
				BC824254217B17590011CA7F /* Frameworks */,
				BC824255217B17590011CA7F /* Resources */,
			);
			buildRules = (
			);
			dependencies = (
			);
			name = Leetcode;
			productName = Leetcode;
			productReference = BC824257217B17590011CA7F /* Leetcode.app */;
			productType = "com.apple.product-type.application";
		};
		BC82426A217B175E0011CA7F /* LeetcodeTests */ = {
			isa = PBXNativeTarget;
			buildConfigurationList = BC824277217B175E0011CA7F /* Build configuration list for PBXNativeTarget "LeetcodeTests" */;
			buildPhases = (
				BC824267217B175E0011CA7F /* Sources */,
				BC824268217B175E0011CA7F /* Frameworks */,
				BC824269217B175E0011CA7F /* Resources */,
			);
			buildRules = (
			);
			dependencies = (
				BC82426D217B175E0011CA7F /* PBXTargetDependency */,
			);
			name = LeetcodeTests;
			productName = LeetcodeTests;
			productReference = BC82426B217B175E0011CA7F /* LeetcodeTests.xctest */;
			productType = "com.apple.product-type.bundle.unit-test";
		};
/* End PBXNativeTarget section */

/* Begin PBXProject section */
		BC82424F217B17590011CA7F /* Project object */ = {
			isa = PBXProject;
			attributes = {
				LastSwiftUpdateCheck = 0930;
				LastUpgradeCheck = 0930;
				ORGANIZATIONNAME = Sean;
				TargetAttributes = {
					BC824256217B17590011CA7F = {
						CreatedOnToolsVersion = 9.3;
					};
					BC82426A217B175E0011CA7F = {
						CreatedOnToolsVersion = 9.3;
						TestTargetID = BC824256217B17590011CA7F;
					};
				};
			};
			buildConfigurationList = BC824252217B17590011CA7F /* Build configuration list for PBXProject "Leetcode" */;
			compatibilityVersion = "Xcode 9.3";
			developmentRegion = en;
			hasScannedForEncodings = 0;
			knownRegions = (
				en,
				Base,
			);
			mainGroup = BC82424E217B17590011CA7F;
			productRefGroup = BC824258217B17590011CA7F /* Products */;
			projectDirPath = "";
			projectRoot = "";
			targets = (
				BC824256217B17590011CA7F /* Leetcode */,
				BC82426A217B175E0011CA7F /* LeetcodeTests */,
			);
		};
/* End PBXProject section */

/* Begin PBXResourcesBuildPhase section */
		BC824255217B17590011CA7F /* Resources */ = {
			isa = PBXResourcesBuildPhase;
			buildActionMask = 2147483647;
			files = (
				BC824265217B175D0011CA7F /* LaunchScreen.storyboard in Resources */,
				BC824262217B175D0011CA7F /* Assets.xcassets in Resources */,
				BC824260217B175A0011CA7F /* Main.storyboard in Resources */,
			);
			runOnlyForDeploymentPostprocessing = 0;
		};
		BC824269217B175E0011CA7F /* Resources */ = {
			isa = PBXResourcesBuildPhase;
			buildActionMask = 2147483647;
			files = (
			);
			runOnlyForDeploymentPostprocessing = 0;
		};
/* End PBXResourcesBuildPhase section */

/* Begin PBXSourcesBuildPhase section */
		BC824253217B17590011CA7F /* Sources */ = {
			isa = PBXSourcesBuildPhase;
			buildActionMask = 2147483647;
			files = (
				F05C92092330C469003DB2EB /* LeetcodeStack.swift in Sources */,
				F058E8FF2542D6B6002885CC /* Q39-CombinationSum.swift in Sources */,
				F058E9032542DA04002885CC /* Q2_AddTwoNumbers.swift in Sources */,
				F058E8F2254288D0002885CC /* Executable.swift in Sources */,
				F02A3266255AE0DB00230EE9 /* Q412-FizzBuzz.swift in Sources */,
				F0482190250687A000740590 /* Definition.swift in Sources */,
				F02A3268255AE5E200230EE9 /* Q383-RansomNote.swift in Sources */,
				F043BCF82568B67600B14544 /* Q461-HammingDistance .swift in Sources */,
				F0482192250FBA2000740590 /* Extension_String.swift in Sources */,
				F058E8FD2542D612002885CC /* Q16-3SumClosest.swift in Sources */,
				F00EE63825440274004B5864 /* Q219_ContainsDuplicateII.swift in Sources */,
				F058E90D25467BCD002885CC /* Q392_IsSubsequence.swift in Sources */,
				BC82425D217B17590011CA7F /* ViewController.swift in Sources */,
				F04989DD255F80B300FDE8DC /* Q264-UglyNumberII.swift in Sources */,
				BC82425B217B17590011CA7F /* AppDelegate.swift in Sources */,
				F082AD44256BB6A800DE5AAD /* Q500-KeyboardRow.swift in Sources */,
				F048219525237E4400740590 /* Extension_Int.swift in Sources */,
				F02A3255254E8AD500230EE9 /* Q46-Permutations.swift in Sources */,
				F058E90B2546797D002885CC /* Q260_SingleNumber|||.swift in Sources */,
				F04989DF255F85A900FDE8DC /* Q40-CombinationSumII.swift in Sources */,
				F02A325B254EB42700230EE9 /* Q22-GenerateParentheses.swift in Sources */,
				F058E8F025428845002885CC /* Q15-3Sum.swift in Sources */,
				F05C92072330C1A6003DB2EB /* Leetcode.swift in Sources */,
				F02A3264255ADFF400230EE9 /* Q62-UniquePaths.swift in Sources */,
				F0E80F582342FA5600808912 /* Others.swift in Sources */,
				F02A3257254E9D2500230EE9 /* Q48-RotateImage.swift in Sources */,
				F02A3259254EB32800230EE9 /* Q17-LetterCombinationsOfAPhoneNumber.swift in Sources */,
				F00EE6362543D3EF004B5864 /* Q18-4Sum.swift in Sources */,
				F0E80F562342F9AC00808912 /* ClosurePractice.swift in Sources */,
				F0194716254FD8A900F1AA09 /* Q404-SumOfLeftLeaves.swift in Sources */,
				F05C92052330C174003DB2EB /* YahooInterview.swift in Sources */,
				F02A32622557C9AD00230EE9 /* Q49-GroupAnagrams.swift in Sources */,
				F02A32532548626400230EE9 /* Q11-ContainerWithMostWater.swift in Sources */,
				F02A325F2555A1AE00230EE9 /* Q47-Permutations2.swift in Sources */,
				F04989E12562C44200FDE8DC /* Q414-ThirdMaximumNumber.swift in Sources */,
				F058E9012542D90F002885CC /* Q3-LongestSubstringWithoutRepeatingCharacters.swift in Sources */,
			);
			runOnlyForDeploymentPostprocessing = 0;
		};
		BC824267217B175E0011CA7F /* Sources */ = {
			isa = PBXSourcesBuildPhase;
			buildActionMask = 2147483647;
			files = (
				F0FDA5E625621E6500522381 /* Q11-ContainerWithMostWater_Test.swift in Sources */,
				F082AD7E25760EF800DE5AAD /* Testable.swift in Sources */,
				F082AD7C25760EB700DE5AAD /* SYBaseTestCase.swift in Sources */,
				BC824270217B175E0011CA7F /* LeetcodeTests.swift in Sources */,
			);
			runOnlyForDeploymentPostprocessing = 0;
		};
/* End PBXSourcesBuildPhase section */

/* Begin PBXTargetDependency section */
		BC82426D217B175E0011CA7F /* PBXTargetDependency */ = {
			isa = PBXTargetDependency;
			target = BC824256217B17590011CA7F /* Leetcode */;
			targetProxy = BC82426C217B175E0011CA7F /* PBXContainerItemProxy */;
		};
/* End PBXTargetDependency section */

/* Begin PBXVariantGroup section */
		BC82425E217B175A0011CA7F /* Main.storyboard */ = {
			isa = PBXVariantGroup;
			children = (
				BC82425F217B175A0011CA7F /* Base */,
			);
			name = Main.storyboard;
			sourceTree = "<group>";
		};
		BC824263217B175D0011CA7F /* LaunchScreen.storyboard */ = {
			isa = PBXVariantGroup;
			children = (
				BC824264217B175D0011CA7F /* Base */,
			);
			name = LaunchScreen.storyboard;
			sourceTree = "<group>";
		};
/* End PBXVariantGroup section */

/* Begin XCBuildConfiguration section */
		BC824272217B175E0011CA7F /* Debug */ = {
			isa = XCBuildConfiguration;
			buildSettings = {
				ALWAYS_SEARCH_USER_PATHS = NO;
				CLANG_ANALYZER_NONNULL = YES;
				CLANG_ANALYZER_NUMBER_OBJECT_CONVERSION = YES_AGGRESSIVE;
				CLANG_CXX_LANGUAGE_STANDARD = "gnu++14";
				CLANG_CXX_LIBRARY = "libc++";
				CLANG_ENABLE_MODULES = YES;
				CLANG_ENABLE_OBJC_ARC = YES;
				CLANG_ENABLE_OBJC_WEAK = YES;
				CLANG_WARN_BLOCK_CAPTURE_AUTORELEASING = YES;
				CLANG_WARN_BOOL_CONVERSION = YES;
				CLANG_WARN_COMMA = YES;
				CLANG_WARN_CONSTANT_CONVERSION = YES;
				CLANG_WARN_DEPRECATED_OBJC_IMPLEMENTATIONS = YES;
				CLANG_WARN_DIRECT_OBJC_ISA_USAGE = YES_ERROR;
				CLANG_WARN_DOCUMENTATION_COMMENTS = YES;
				CLANG_WARN_EMPTY_BODY = YES;
				CLANG_WARN_ENUM_CONVERSION = YES;
				CLANG_WARN_INFINITE_RECURSION = YES;
				CLANG_WARN_INT_CONVERSION = YES;
				CLANG_WARN_NON_LITERAL_NULL_CONVERSION = YES;
				CLANG_WARN_OBJC_IMPLICIT_RETAIN_SELF = YES;
				CLANG_WARN_OBJC_LITERAL_CONVERSION = YES;
				CLANG_WARN_OBJC_ROOT_CLASS = YES_ERROR;
				CLANG_WARN_RANGE_LOOP_ANALYSIS = YES;
				CLANG_WARN_STRICT_PROTOTYPES = YES;
				CLANG_WARN_SUSPICIOUS_MOVE = YES;
				CLANG_WARN_UNGUARDED_AVAILABILITY = YES_AGGRESSIVE;
				CLANG_WARN_UNREACHABLE_CODE = YES;
				CLANG_WARN__DUPLICATE_METHOD_MATCH = YES;
				CODE_SIGN_IDENTITY = "iPhone Developer";
				COPY_PHASE_STRIP = NO;
				DEBUG_INFORMATION_FORMAT = dwarf;
				ENABLE_STRICT_OBJC_MSGSEND = YES;
				ENABLE_TESTABILITY = YES;
				GCC_C_LANGUAGE_STANDARD = gnu11;
				GCC_DYNAMIC_NO_PIC = NO;
				GCC_NO_COMMON_BLOCKS = YES;
				GCC_OPTIMIZATION_LEVEL = 0;
				GCC_PREPROCESSOR_DEFINITIONS = (
					"DEBUG=1",
					"$(inherited)",
				);
				GCC_WARN_64_TO_32_BIT_CONVERSION = YES;
				GCC_WARN_ABOUT_RETURN_TYPE = YES_ERROR;
				GCC_WARN_UNDECLARED_SELECTOR = YES;
				GCC_WARN_UNINITIALIZED_AUTOS = YES_AGGRESSIVE;
				GCC_WARN_UNUSED_FUNCTION = YES;
				GCC_WARN_UNUSED_VARIABLE = YES;
				IPHONEOS_DEPLOYMENT_TARGET = 11.3;
				MTL_ENABLE_DEBUG_INFO = YES;
				ONLY_ACTIVE_ARCH = YES;
				SDKROOT = iphoneos;
				SWIFT_ACTIVE_COMPILATION_CONDITIONS = DEBUG;
				SWIFT_OPTIMIZATION_LEVEL = "-Onone";
			};
			name = Debug;
		};
		BC824273217B175E0011CA7F /* Release */ = {
			isa = XCBuildConfiguration;
			buildSettings = {
				ALWAYS_SEARCH_USER_PATHS = NO;
				CLANG_ANALYZER_NONNULL = YES;
				CLANG_ANALYZER_NUMBER_OBJECT_CONVERSION = YES_AGGRESSIVE;
				CLANG_CXX_LANGUAGE_STANDARD = "gnu++14";
				CLANG_CXX_LIBRARY = "libc++";
				CLANG_ENABLE_MODULES = YES;
				CLANG_ENABLE_OBJC_ARC = YES;
				CLANG_ENABLE_OBJC_WEAK = YES;
				CLANG_WARN_BLOCK_CAPTURE_AUTORELEASING = YES;
				CLANG_WARN_BOOL_CONVERSION = YES;
				CLANG_WARN_COMMA = YES;
				CLANG_WARN_CONSTANT_CONVERSION = YES;
				CLANG_WARN_DEPRECATED_OBJC_IMPLEMENTATIONS = YES;
				CLANG_WARN_DIRECT_OBJC_ISA_USAGE = YES_ERROR;
				CLANG_WARN_DOCUMENTATION_COMMENTS = YES;
				CLANG_WARN_EMPTY_BODY = YES;
				CLANG_WARN_ENUM_CONVERSION = YES;
				CLANG_WARN_INFINITE_RECURSION = YES;
				CLANG_WARN_INT_CONVERSION = YES;
				CLANG_WARN_NON_LITERAL_NULL_CONVERSION = YES;
				CLANG_WARN_OBJC_IMPLICIT_RETAIN_SELF = YES;
				CLANG_WARN_OBJC_LITERAL_CONVERSION = YES;
				CLANG_WARN_OBJC_ROOT_CLASS = YES_ERROR;
				CLANG_WARN_RANGE_LOOP_ANALYSIS = YES;
				CLANG_WARN_STRICT_PROTOTYPES = YES;
				CLANG_WARN_SUSPICIOUS_MOVE = YES;
				CLANG_WARN_UNGUARDED_AVAILABILITY = YES_AGGRESSIVE;
				CLANG_WARN_UNREACHABLE_CODE = YES;
				CLANG_WARN__DUPLICATE_METHOD_MATCH = YES;
				CODE_SIGN_IDENTITY = "iPhone Developer";
				COPY_PHASE_STRIP = NO;
				DEBUG_INFORMATION_FORMAT = "dwarf-with-dsym";
				ENABLE_NS_ASSERTIONS = NO;
				ENABLE_STRICT_OBJC_MSGSEND = YES;
				GCC_C_LANGUAGE_STANDARD = gnu11;
				GCC_NO_COMMON_BLOCKS = YES;
				GCC_WARN_64_TO_32_BIT_CONVERSION = YES;
				GCC_WARN_ABOUT_RETURN_TYPE = YES_ERROR;
				GCC_WARN_UNDECLARED_SELECTOR = YES;
				GCC_WARN_UNINITIALIZED_AUTOS = YES_AGGRESSIVE;
				GCC_WARN_UNUSED_FUNCTION = YES;
				GCC_WARN_UNUSED_VARIABLE = YES;
				IPHONEOS_DEPLOYMENT_TARGET = 11.3;
				MTL_ENABLE_DEBUG_INFO = NO;
				SDKROOT = iphoneos;
				SWIFT_COMPILATION_MODE = wholemodule;
				SWIFT_OPTIMIZATION_LEVEL = "-O";
				VALIDATE_PRODUCT = YES;
			};
			name = Release;
		};
		BC824275217B175E0011CA7F /* Debug */ = {
			isa = XCBuildConfiguration;
			buildSettings = {
				ASSETCATALOG_COMPILER_APPICON_NAME = AppIcon;
				CODE_SIGN_STYLE = Automatic;
				DEVELOPMENT_TEAM = 2PJ29662SU;
				INFOPLIST_FILE = Leetcode/Info.plist;
				IPHONEOS_DEPLOYMENT_TARGET = 11.0;
				LD_RUNPATH_SEARCH_PATHS = (
					"$(inherited)",
					"@executable_path/Frameworks",
				);
				PRODUCT_BUNDLE_IDENTIFIER = com.ZihSiangYue.Leetcode;
				PRODUCT_NAME = "$(TARGET_NAME)";
				SWIFT_VERSION = 5.0;
				TARGETED_DEVICE_FAMILY = "1,2";
			};
			name = Debug;
		};
		BC824276217B175E0011CA7F /* Release */ = {
			isa = XCBuildConfiguration;
			buildSettings = {
				ASSETCATALOG_COMPILER_APPICON_NAME = AppIcon;
				CODE_SIGN_STYLE = Automatic;
				DEVELOPMENT_TEAM = 2PJ29662SU;
				INFOPLIST_FILE = Leetcode/Info.plist;
				IPHONEOS_DEPLOYMENT_TARGET = 11.0;
				LD_RUNPATH_SEARCH_PATHS = (
					"$(inherited)",
					"@executable_path/Frameworks",
				);
				PRODUCT_BUNDLE_IDENTIFIER = com.ZihSiangYue.Leetcode;
				PRODUCT_NAME = "$(TARGET_NAME)";
				SWIFT_VERSION = 5.0;
				TARGETED_DEVICE_FAMILY = "1,2";
			};
			name = Release;
		};
		BC824278217B175E0011CA7F /* Debug */ = {
			isa = XCBuildConfiguration;
			buildSettings = {
				ALWAYS_EMBED_SWIFT_STANDARD_LIBRARIES = YES;
				BUNDLE_LOADER = "$(TEST_HOST)";
				CODE_SIGN_STYLE = Automatic;
				INFOPLIST_FILE = LeetcodeTests/Info.plist;
				LD_RUNPATH_SEARCH_PATHS = (
					"$(inherited)",
					"@executable_path/Frameworks",
					"@loader_path/Frameworks",
				);
				PRODUCT_BUNDLE_IDENTIFIER = com.ZihSiangYue.LeetcodeTests;
				PRODUCT_NAME = "$(TARGET_NAME)";
				SWIFT_VERSION = 4.0;
				TARGETED_DEVICE_FAMILY = "1,2";
				TEST_HOST = "$(BUILT_PRODUCTS_DIR)/Leetcode.app/Leetcode";
			};
			name = Debug;
		};
		BC824279217B175E0011CA7F /* Release */ = {
			isa = XCBuildConfiguration;
			buildSettings = {
				ALWAYS_EMBED_SWIFT_STANDARD_LIBRARIES = YES;
				BUNDLE_LOADER = "$(TEST_HOST)";
				CODE_SIGN_STYLE = Automatic;
				INFOPLIST_FILE = LeetcodeTests/Info.plist;
				LD_RUNPATH_SEARCH_PATHS = (
					"$(inherited)",
					"@executable_path/Frameworks",
					"@loader_path/Frameworks",
				);
				PRODUCT_BUNDLE_IDENTIFIER = com.ZihSiangYue.LeetcodeTests;
				PRODUCT_NAME = "$(TARGET_NAME)";
				SWIFT_VERSION = 4.0;
				TARGETED_DEVICE_FAMILY = "1,2";
				TEST_HOST = "$(BUILT_PRODUCTS_DIR)/Leetcode.app/Leetcode";
			};
			name = Release;
		};
/* End XCBuildConfiguration section */

/* Begin XCConfigurationList section */
		BC824252217B17590011CA7F /* Build configuration list for PBXProject "Leetcode" */ = {
			isa = XCConfigurationList;
			buildConfigurations = (
				BC824272217B175E0011CA7F /* Debug */,
				BC824273217B175E0011CA7F /* Release */,
			);
			defaultConfigurationIsVisible = 0;
			defaultConfigurationName = Release;
		};
		BC824274217B175E0011CA7F /* Build configuration list for PBXNativeTarget "Leetcode" */ = {
			isa = XCConfigurationList;
			buildConfigurations = (
				BC824275217B175E0011CA7F /* Debug */,
				BC824276217B175E0011CA7F /* Release */,
			);
			defaultConfigurationIsVisible = 0;
			defaultConfigurationName = Release;
		};
		BC824277217B175E0011CA7F /* Build configuration list for PBXNativeTarget "LeetcodeTests" */ = {
			isa = XCConfigurationList;
			buildConfigurations = (
				BC824278217B175E0011CA7F /* Debug */,
				BC824279217B175E0011CA7F /* Release */,
			);
			defaultConfigurationIsVisible = 0;
			defaultConfigurationName = Release;
		};
/* End XCConfigurationList section */
	};
	rootObject = BC82424F217B17590011CA7F /* Project object */;
}
