// !$*UTF8*$!
{
	archiveVersion = 1;
	classes = {
	};
	objectVersion = 50;
	objects = {

/* Begin PBXBuildFile section */
		BC82425B217B17590011CA7F /* AppDelegate.swift in Sources */ = {isa = PBXBuildFile; fileRef = BC82425A217B17590011CA7F /* AppDelegate.swift */; };
		BC82425D217B17590011CA7F /* ViewController.swift in Sources */ = {isa = PBXBuildFile; fileRef = BC82425C217B17590011CA7F /* ViewController.swift */; };
		BC824260217B175A0011CA7F /* Main.storyboard in Resources */ = {isa = PBXBuildFile; fileRef = BC82425E217B175A0011CA7F /* Main.storyboard */; };
		BC824262217B175D0011CA7F /* Assets.xcassets in Resources */ = {isa = PBXBuildFile; fileRef = BC824261217B175D0011CA7F /* Assets.xcassets */; };
		BC824265217B175D0011CA7F /* LaunchScreen.storyboard in Resources */ = {isa = PBXBuildFile; fileRef = BC824263217B175D0011CA7F /* LaunchScreen.storyboard */; };
		BC824270217B175E0011CA7F /* LeetcodeTests.swift in Sources */ = {isa = PBXBuildFile; fileRef = BC82426F217B175E0011CA7F /* LeetcodeTests.swift */; };
		F00EE6362543D3EF004B5864 /* Q18-4Sum.swift in Sources */ = {isa = PBXBuildFile; fileRef = F00EE6352543D3EF004B5864 /* Q18-4Sum.swift */; };
		F00EE63825440274004B5864 /* Q219_ContainsDuplicateII.swift in Sources */ = {isa = PBXBuildFile; fileRef = F00EE63725440274004B5864 /* Q219_ContainsDuplicateII.swift */; };
		F0194716254FD8A900F1AA09 /* Q404-SumOfLeftLeaves.swift in Sources */ = {isa = PBXBuildFile; fileRef = F0194715254FD8A900F1AA09 /* Q404-SumOfLeftLeaves.swift */; };
		F02A32532548626400230EE9 /* Q11-ContainerWithMostWater.swift in Sources */ = {isa = PBXBuildFile; fileRef = F02A32522548626300230EE9 /* Q11-ContainerWithMostWater.swift */; };
		F02A3255254E8AD500230EE9 /* Q46-Permutations.swift in Sources */ = {isa = PBXBuildFile; fileRef = F02A3254254E8AD500230EE9 /* Q46-Permutations.swift */; };
		F02A3257254E9D2500230EE9 /* Q48-RotateImage.swift in Sources */ = {isa = PBXBuildFile; fileRef = F02A3256254E9D2500230EE9 /* Q48-RotateImage.swift */; };
		F02A3259254EB32800230EE9 /* Q17-LetterCombinationsOfAPhoneNumber.swift in Sources */ = {isa = PBXBuildFile; fileRef = F02A3258254EB32800230EE9 /* Q17-LetterCombinationsOfAPhoneNumber.swift */; };
		F02A325B254EB42700230EE9 /* Q22-GenerateParentheses.swift in Sources */ = {isa = PBXBuildFile; fileRef = F02A325A254EB42700230EE9 /* Q22-GenerateParentheses.swift */; };
		F02A325F2555A1AE00230EE9 /* Q47-Permutations2.swift in Sources */ = {isa = PBXBuildFile; fileRef = F02A325E2555A1AE00230EE9 /* Q47-Permutations2.swift */; };
		F02A32622557C9AD00230EE9 /* Q49-GroupAnagrams.swift in Sources */ = {isa = PBXBuildFile; fileRef = F02A32612557C9AD00230EE9 /* Q49-GroupAnagrams.swift */; };
		F02A3264255ADFF400230EE9 /* Q62-UniquePaths.swift in Sources */ = {isa = PBXBuildFile; fileRef = F02A3263255ADFF400230EE9 /* Q62-UniquePaths.swift */; };
		F02A3266255AE0DB00230EE9 /* Q412-FizzBuzz.swift in Sources */ = {isa = PBXBuildFile; fileRef = F02A3265255AE0DB00230EE9 /* Q412-FizzBuzz.swift */; };
		F02A3268255AE5E200230EE9 /* Q383-RansomNote.swift in Sources */ = {isa = PBXBuildFile; fileRef = F02A3267255AE5E200230EE9 /* Q383-RansomNote.swift */; };
		F042855626306137000E2266 /* Q141-LinkedListCycle.swift in Sources */ = {isa = PBXBuildFile; fileRef = F042855526306137000E2266 /* Q141-LinkedListCycle.swift */; };
		F042855A263061A8000E2266 /* Q141-LinkedListCycle_Test.swift in Sources */ = {isa = PBXBuildFile; fileRef = F0428559263061A8000E2266 /* Q141-LinkedListCycle_Test.swift */; };
		F043BCF82568B67600B14544 /* Q461-HammingDistance .swift in Sources */ = {isa = PBXBuildFile; fileRef = F043BCF72568B67600B14544 /* Q461-HammingDistance .swift */; };
		F0482190250687A000740590 /* Definition.swift in Sources */ = {isa = PBXBuildFile; fileRef = F048218F250687A000740590 /* Definition.swift */; };
		F0482192250FBA2000740590 /* Extension_String.swift in Sources */ = {isa = PBXBuildFile; fileRef = F0482191250FBA2000740590 /* Extension_String.swift */; };
		F048219525237E4400740590 /* Extension_Int.swift in Sources */ = {isa = PBXBuildFile; fileRef = F048219425237E4400740590 /* Extension_Int.swift */; };
		F04989DD255F80B300FDE8DC /* Q264-UglyNumberII.swift in Sources */ = {isa = PBXBuildFile; fileRef = F04989DC255F80B300FDE8DC /* Q264-UglyNumberII.swift */; };
		F04989DF255F85A900FDE8DC /* Q40-CombinationSumII.swift in Sources */ = {isa = PBXBuildFile; fileRef = F04989DE255F85A900FDE8DC /* Q40-CombinationSumII.swift */; };
		F04989E12562C44200FDE8DC /* Q414-ThirdMaximumNumber.swift in Sources */ = {isa = PBXBuildFile; fileRef = F04989E02562C44200FDE8DC /* Q414-ThirdMaximumNumber.swift */; };
		F058E8F025428845002885CC /* Q15-3Sum.swift in Sources */ = {isa = PBXBuildFile; fileRef = F058E8EF25428845002885CC /* Q15-3Sum.swift */; };
		F058E8F2254288D0002885CC /* Executable.swift in Sources */ = {isa = PBXBuildFile; fileRef = F058E8F1254288D0002885CC /* Executable.swift */; };
		F058E8FD2542D612002885CC /* Q16-3SumClosest.swift in Sources */ = {isa = PBXBuildFile; fileRef = F058E8FC2542D612002885CC /* Q16-3SumClosest.swift */; };
		F058E8FF2542D6B6002885CC /* Q39-CombinationSum.swift in Sources */ = {isa = PBXBuildFile; fileRef = F058E8FE2542D6B6002885CC /* Q39-CombinationSum.swift */; };
		F058E9012542D90F002885CC /* Q3-LongestSubstringWithoutRepeatingCharacters.swift in Sources */ = {isa = PBXBuildFile; fileRef = F058E9002542D90F002885CC /* Q3-LongestSubstringWithoutRepeatingCharacters.swift */; };
		F058E9032542DA04002885CC /* Q2_AddTwoNumbers.swift in Sources */ = {isa = PBXBuildFile; fileRef = F058E9022542DA04002885CC /* Q2_AddTwoNumbers.swift */; };
		F058E90B2546797D002885CC /* Q260_SingleNumber|||.swift in Sources */ = {isa = PBXBuildFile; fileRef = F058E90A2546797D002885CC /* Q260_SingleNumber|||.swift */; };
		F058E90D25467BCD002885CC /* Q392_IsSubsequence.swift in Sources */ = {isa = PBXBuildFile; fileRef = F058E90C25467BCD002885CC /* Q392_IsSubsequence.swift */; };
		F05C92052330C174003DB2EB /* YahooInterview.swift in Sources */ = {isa = PBXBuildFile; fileRef = F05C92042330C174003DB2EB /* YahooInterview.swift */; };
		F05C92072330C1A6003DB2EB /* Leetcode.swift in Sources */ = {isa = PBXBuildFile; fileRef = F05C92062330C1A6003DB2EB /* Leetcode.swift */; };
		F05C92092330C469003DB2EB /* LeetcodeStack.swift in Sources */ = {isa = PBXBuildFile; fileRef = F05C92082330C469003DB2EB /* LeetcodeStack.swift */; };
		F082AD44256BB6A800DE5AAD /* Q500-KeyboardRow.swift in Sources */ = {isa = PBXBuildFile; fileRef = F082AD43256BB6A800DE5AAD /* Q500-KeyboardRow.swift */; };
		F082AD7C25760EB700DE5AAD /* SYBaseTestCase.swift in Sources */ = {isa = PBXBuildFile; fileRef = F082AD7B25760EB700DE5AAD /* SYBaseTestCase.swift */; };
		F082AD7E25760EF800DE5AAD /* Testable.swift in Sources */ = {isa = PBXBuildFile; fileRef = F082AD7D25760EF800DE5AAD /* Testable.swift */; };
		F082AD8525777BB600DE5AAD /* Executable.swift in Sources */ = {isa = PBXBuildFile; fileRef = F058E8F1254288D0002885CC /* Executable.swift */; };
		F09452CC25907DBC004042AC /* Q415-AddStrings_Test.swift in Sources */ = {isa = PBXBuildFile; fileRef = F09452CB25907DBC004042AC /* Q415-AddStrings_Test.swift */; };
		F09452E2259085E5004042AC /* Q459-RepeatedSubstringPattern.swift in Sources */ = {isa = PBXBuildFile; fileRef = F09452E1259085E5004042AC /* Q459-RepeatedSubstringPattern.swift */; };
		F09452E8259088A5004042AC /* Q459-RepeatedSubstringPattern_Test.swift in Sources */ = {isa = PBXBuildFile; fileRef = F09452E7259088A5004042AC /* Q459-RepeatedSubstringPattern_Test.swift */; };
		F09453102591C567004042AC /* Q520-DetectCapital.swift in Sources */ = {isa = PBXBuildFile; fileRef = F094530F2591C567004042AC /* Q520-DetectCapital.swift */; };
		F09453142591C8BA004042AC /* Q520_DetectCapital_Test.swift in Sources */ = {isa = PBXBuildFile; fileRef = F09453132591C8BA004042AC /* Q520_DetectCapital_Test.swift */; };
		F09453192592E868004042AC /* Q551-StudentAttendanceRecord1.swift in Sources */ = {isa = PBXBuildFile; fileRef = F09453182592E868004042AC /* Q551-StudentAttendanceRecord1.swift */; };
		F094531D25931BB2004042AC /* Q551_StudentAttendanceRecord1_Test.swift in Sources */ = {isa = PBXBuildFile; fileRef = F094531C25931BB2004042AC /* Q551_StudentAttendanceRecord1_Test.swift */; };
		F094532125931EE3004042AC /* Q557-ReverseWordsinaString3.swift in Sources */ = {isa = PBXBuildFile; fileRef = F094532025931EE3004042AC /* Q557-ReverseWordsinaString3.swift */; };
		F094532525931F20004042AC /* Q557_ReverseWordsinaString3_Test.swift in Sources */ = {isa = PBXBuildFile; fileRef = F094532425931F20004042AC /* Q557_ReverseWordsinaString3_Test.swift */; };
		F09453B5259AD174004042AC /* Q38-CountandSay.swift in Sources */ = {isa = PBXBuildFile; fileRef = F09453B4259AD174004042AC /* Q38-CountandSay.swift */; };
		F09453B9259AD8E3004042AC /* Q917-ReverseOnlyLetters.swift in Sources */ = {isa = PBXBuildFile; fileRef = F09453B8259AD8E3004042AC /* Q917-ReverseOnlyLetters.swift */; };
		F09453BD259ADBD4004042AC /* Q917_ReverseOnlyLetters_Test.swift in Sources */ = {isa = PBXBuildFile; fileRef = F09453BC259ADBD4004042AC /* Q917_ReverseOnlyLetters_Test.swift */; };
		F09453D8259C92C5004042AC /* Q925-LongPressedName.swift in Sources */ = {isa = PBXBuildFile; fileRef = F09453D7259C92C5004042AC /* Q925-LongPressedName.swift */; };
		F09453DC259C9A67004042AC /* Q925_LongPressedName_Test.swift in Sources */ = {isa = PBXBuildFile; fileRef = F09453DB259C9A67004042AC /* Q925_LongPressedName_Test.swift */; };
		F09453F6259D9AE3004042AC /* Q696-CountBinarySubstrings.swift in Sources */ = {isa = PBXBuildFile; fileRef = F09453F5259D9AE3004042AC /* Q696-CountBinarySubstrings.swift */; };
		F09453FA259DA83C004042AC /* Q345-ReverseVowelsofaString.swift in Sources */ = {isa = PBXBuildFile; fileRef = F09453F9259DA83C004042AC /* Q345-ReverseVowelsofaString.swift */; };
		F09453FE259DAE19004042AC /* Q345_ReverseVowelsofaString_Test.swift in Sources */ = {isa = PBXBuildFile; fileRef = F09453FD259DAE19004042AC /* Q345_ReverseVowelsofaString_Test.swift */; };
		F094540425A2C229004042AC /* Q434-NumberofSegmentsinaString.swift in Sources */ = {isa = PBXBuildFile; fileRef = F094540325A2C229004042AC /* Q434-NumberofSegmentsinaString.swift */; };
		F094540825A2C26A004042AC /* Q434_NumberofSegmentsinaString_Test.swift in Sources */ = {isa = PBXBuildFile; fileRef = F094540725A2C26A004042AC /* Q434_NumberofSegmentsinaString_Test.swift */; };
		F0BECE3725DD0226004960D9 /* Q696-CountBinarySubstrings_Test.swift in Sources */ = {isa = PBXBuildFile; fileRef = F0BECE3625DD0226004960D9 /* Q696-CountBinarySubstrings_Test.swift */; };
		F0BECE3B25DE5DC8004960D9 /* Q521-LongestUncommonSubsequenceI.swift in Sources */ = {isa = PBXBuildFile; fileRef = F0BECE3A25DE5DC8004960D9 /* Q521-LongestUncommonSubsequenceI.swift */; };
		F0BECE3F25DE5F16004960D9 /* Q521-LongestUncommonSubsequenceI_Test.swift in Sources */ = {isa = PBXBuildFile; fileRef = F0BECE3E25DE5F16004960D9 /* Q521-LongestUncommonSubsequenceI_Test.swift */; };
		F0BECE4825DF9FF9004960D9 /* Q38-CountandSay_Test.swift in Sources */ = {isa = PBXBuildFile; fileRef = F0BECE4725DF9FF9004960D9 /* Q38-CountandSay_Test.swift */; };
		F0BECE5C25E35856004960D9 /* Q929-UniqueEmailAddresses.swift in Sources */ = {isa = PBXBuildFile; fileRef = F0BECE5825E35847004960D9 /* Q929-UniqueEmailAddresses.swift */; };
		F0BECE6225E38DEC004960D9 /* Q929-UniqueEmailAddresses_Test.swift in Sources */ = {isa = PBXBuildFile; fileRef = F0BECE6125E38DEC004960D9 /* Q929-UniqueEmailAddresses_Test.swift */; };
		F0BECE6A25E4EE98004960D9 /* Q566-ReshapetheMatrix.swift in Sources */ = {isa = PBXBuildFile; fileRef = F0BECE6925E4EE98004960D9 /* Q566-ReshapetheMatrix.swift */; };
		F0BECE6E25E4F41E004960D9 /* Q566-ReshapetheMatrix_Test.swift in Sources */ = {isa = PBXBuildFile; fileRef = F0BECE6D25E4F41E004960D9 /* Q566-ReshapetheMatrix_Test.swift */; };
		F0BECF3525EDE7F1004960D9 /* Q922-SortArraybyParity.swift in Sources */ = {isa = PBXBuildFile; fileRef = F0BECF3425EDE7F1004960D9 /* Q922-SortArraybyParity.swift */; };
		F0BECF3925EDE92B004960D9 /* Q922-SortArraybyParity_Test.swift in Sources */ = {isa = PBXBuildFile; fileRef = F0BECF3825EDE92B004960D9 /* Q922-SortArraybyParity_Test.swift */; };
		F0BECF3D25EE0FE1004960D9 /* Q832-FlippinganImage.swift in Sources */ = {isa = PBXBuildFile; fileRef = F0BECF3C25EE0FE1004960D9 /* Q832-FlippinganImage.swift */; };
		F0BECF4125EE1190004960D9 /* Q832-FlippinganImage_Test.swift in Sources */ = {isa = PBXBuildFile; fileRef = F0BECF4025EE1190004960D9 /* Q832-FlippinganImage_Test.swift */; };
		F0BECF6225F0BFE8004960D9 /* Q118-PascalsTriangle.swift in Sources */ = {isa = PBXBuildFile; fileRef = F0BECF6125F0BFE7004960D9 /* Q118-PascalsTriangle.swift */; };
		F0BECF6625F0C2E0004960D9 /* Q118-PascalsTriangle_Test.swift in Sources */ = {isa = PBXBuildFile; fileRef = F0BECF6525F0C2E0004960D9 /* Q118-PascalsTriangle_Test.swift */; };
		F0BECF6A25F0C560004960D9 /* Q119-PascalsTriangle2.swift in Sources */ = {isa = PBXBuildFile; fileRef = F0BECF6925F0C560004960D9 /* Q119-PascalsTriangle2.swift */; };
		F0BECF7025F0C71B004960D9 /* Q119-PascalsTriangle2_Test.swift in Sources */ = {isa = PBXBuildFile; fileRef = F0BECF6F25F0C71B004960D9 /* Q119-PascalsTriangle2_Test.swift */; };
		F0C83F4A257791F4002C06D2 /* Q11-ContainerWithMostWater.swift in Sources */ = {isa = PBXBuildFile; fileRef = F02A32522548626300230EE9 /* Q11-ContainerWithMostWater.swift */; };
		F0D4CBF825F21EFD007CEC68 /* Q830-PositionsofLargeGroups.swift in Sources */ = {isa = PBXBuildFile; fileRef = F0D4CBF725F21EFD007CEC68 /* Q830-PositionsofLargeGroups.swift */; };
		F0D4CBFC25F2368A007CEC68 /* Q830-PositionsofLargeGroups_Test.swift in Sources */ = {isa = PBXBuildFile; fileRef = F0D4CBFB25F2368A007CEC68 /* Q830-PositionsofLargeGroups_Test.swift */; };
		F0D4CC0425F5F9BA007CEC68 /* Q867-TransposeMatrix.swift in Sources */ = {isa = PBXBuildFile; fileRef = F0D4CC0325F5F9BA007CEC68 /* Q867-TransposeMatrix.swift */; };
		F0D4CC0825F5FC4A007CEC68 /* Q867-TransposeMatrix_Test.swift in Sources */ = {isa = PBXBuildFile; fileRef = F0D4CC0725F5FC4A007CEC68 /* Q867-TransposeMatrix_Test.swift */; };
		F0D4EDFA25F74F2F00037B39 /* Q561-ArrayPartition.swift in Sources */ = {isa = PBXBuildFile; fileRef = F0D4EDF925F74F2F00037B39 /* Q561-ArrayPartition.swift */; };
		F0D4EDFE25F7500500037B39 /* Q561-ArrayPartition_Test.swift in Sources */ = {isa = PBXBuildFile; fileRef = F0D4EDFD25F7500500037B39 /* Q561-ArrayPartition_Test.swift */; };
		F0D4EE1625F9F01900037B39 /* Q985-SumofEvenNumbersAfterQueries.swift in Sources */ = {isa = PBXBuildFile; fileRef = F0D4EE1525F9F01900037B39 /* Q985-SumofEvenNumbersAfterQueries.swift */; };
		F0D4EE1A25F9F1C500037B39 /* Q985-SumofEvenNumbersAfterQueries_Test.swift in Sources */ = {isa = PBXBuildFile; fileRef = F0D4EE1925F9F1C500037B39 /* Q985-SumofEvenNumbersAfterQueries_Test.swift */; };
		F0D4EE4225FB4EFB00037B39 /* Q238-ProductofArrayExceptSelf.swift in Sources */ = {isa = PBXBuildFile; fileRef = F0D4EE4125FB4EFB00037B39 /* Q238-ProductofArrayExceptSelf.swift */; };
		F0D4EE4625FB507900037B39 /* Q238-ProductofArrayExceptSelf_Test.swift in Sources */ = {isa = PBXBuildFile; fileRef = F0D4EE4525FB507900037B39 /* Q238-ProductofArrayExceptSelf_Test.swift */; };
		F0D4EE5225FF32E400037B39 /* Q347-TopKFrequentElements.swift in Sources */ = {isa = PBXBuildFile; fileRef = F0D4EE5125FF32E400037B39 /* Q347-TopKFrequentElements.swift */; };
		F0D4EE5625FF37B700037B39 /* Q347-TopKFrequentElements_Test.swift in Sources */ = {isa = PBXBuildFile; fileRef = F0D4EE5525FF37B700037B39 /* Q347-TopKFrequentElements_Test.swift */; };
		F0D4EE5F26007E2C00037B39 /* Q961-N-RepeatedElementinSize2NArray.swift in Sources */ = {isa = PBXBuildFile; fileRef = F0D4EE5E26007E2C00037B39 /* Q961-N-RepeatedElementinSize2NArray.swift */; };
		F0D4EE6326007FA700037B39 /* Q961-N-RepeatedElementinSize2NArray_Test.swift in Sources */ = {isa = PBXBuildFile; fileRef = F0D4EE6226007FA600037B39 /* Q961-N-RepeatedElementinSize2NArray_Test.swift */; };
		F0D4EE6E2603272600037B39 /* Q1002-FindCommonCharacters.swift in Sources */ = {isa = PBXBuildFile; fileRef = F0D4EE6D2603272600037B39 /* Q1002-FindCommonCharacters.swift */; };
		F0D4EE7226032F2000037B39 /* Q1002-FindCommonCharacters_Test.swift in Sources */ = {isa = PBXBuildFile; fileRef = F0D4EE7126032F2000037B39 /* Q1002-FindCommonCharacters_Test.swift */; };
		F0D4EE762603347E00037B39 /* Q1365-HowManyNumbersAreSmallerThantheCurrentNumber.swift in Sources */ = {isa = PBXBuildFile; fileRef = F0D4EE752603347E00037B39 /* Q1365-HowManyNumbersAreSmallerThantheCurrentNumber.swift */; };
		F0D4EE7A26033CD100037B39 /* Q1365-HowManyNumbersAreSmallerThantheCurrentNumber_Test.swift in Sources */ = {isa = PBXBuildFile; fileRef = F0D4EE7926033CD100037B39 /* Q1365-HowManyNumbersAreSmallerThantheCurrentNumber_Test.swift */; };
		F0D4EE7E260497C800037B39 /* Q409-LongestPalindrome.swift in Sources */ = {isa = PBXBuildFile; fileRef = F0D4EE7D260497C700037B39 /* Q409-LongestPalindrome.swift */; };
		F0D4EE8226049BFC00037B39 /* Q409-LongestPalindrome_Test.swift in Sources */ = {isa = PBXBuildFile; fileRef = F0D4EE8126049BFC00037B39 /* Q409-LongestPalindrome_Test.swift */; };
		F0D4EE8E26086A0B00037B39 /* Q1103-DistributeCandiestoPeople.swift in Sources */ = {isa = PBXBuildFile; fileRef = F0D4EE8D26086A0B00037B39 /* Q1103-DistributeCandiestoPeople.swift */; };
		F0D4EE922608749800037B39 /* Q1103-DistributeCandiestoPeople_Test.swift in Sources */ = {isa = PBXBuildFile; fileRef = F0D4EE912608749800037B39 /* Q1103-DistributeCandiestoPeople_Test.swift */; };
		F0D4EE97260B1C4D00037B39 /* KKDay_1.swift in Sources */ = {isa = PBXBuildFile; fileRef = F0D4EE96260B1C4D00037B39 /* KKDay_1.swift */; };
		F0D4EE9B260B1C8300037B39 /* KKDay_2.swift in Sources */ = {isa = PBXBuildFile; fileRef = F0D4EE9A260B1C8300037B39 /* KKDay_2.swift */; };
		F0D4EE9F260B1C9C00037B39 /* KKDay_1_Test.swift in Sources */ = {isa = PBXBuildFile; fileRef = F0D4EE9E260B1C9C00037B39 /* KKDay_1_Test.swift */; };
		F0D4EEA3260B1D5900037B39 /* KKDay_2_Test.swift in Sources */ = {isa = PBXBuildFile; fileRef = F0D4EEA2260B1D5900037B39 /* KKDay_2_Test.swift */; };
		F0D4EEAB260B4B6400037B39 /* KKDay_3.swift in Sources */ = {isa = PBXBuildFile; fileRef = F0D4EEAA260B4B6400037B39 /* KKDay_3.swift */; };
		F0D4EEAF260B4D3700037B39 /* KKDay_3_Test.swift in Sources */ = {isa = PBXBuildFile; fileRef = F0D4EEAE260B4D3700037B39 /* KKDay_3_Test.swift */; };
		F0D4EEBB260C399F00037B39 /* Q1694-ReformatPhoneNumber.swift in Sources */ = {isa = PBXBuildFile; fileRef = F0D4EEBA260C399F00037B39 /* Q1694-ReformatPhoneNumber.swift */; };
		F0D4EEBF260C39E400037B39 /* Q1694-ReformatPhoneNumber_Test.swift in Sources */ = {isa = PBXBuildFile; fileRef = F0D4EEBE260C39E400037B39 /* Q1694-ReformatPhoneNumber_Test.swift */; };
		F0D4EECF260D7E6800037B39 /* Q876-MiddleoftheLinkedList.swift in Sources */ = {isa = PBXBuildFile; fileRef = F0D4EECE260D7E6800037B39 /* Q876-MiddleoftheLinkedList.swift */; };
		F0D4EED3260D81AB00037B39 /* Q876-MiddleoftheLinkedList_Test.swift in Sources */ = {isa = PBXBuildFile; fileRef = F0D4EED2260D81AA00037B39 /* Q876-MiddleoftheLinkedList_Test.swift */; };
		F0D4EED7260D8F0400037B39 /* Q453-MinimumMovestoEqualArrayElements.swift in Sources */ = {isa = PBXBuildFile; fileRef = F0D4EED6260D8F0400037B39 /* Q453-MinimumMovestoEqualArrayElements.swift */; };
		F0D4EEE0260D8F9300037B39 /* Q453-MinimumMovestoEqualArrayElements_Test.swift in Sources */ = {isa = PBXBuildFile; fileRef = F0D4EEDF260D8F9300037B39 /* Q453-MinimumMovestoEqualArrayElements_Test.swift */; };
		F0D623572577A48F004AF4AD /* Q15-3Sum_Test.swift in Sources */ = {isa = PBXBuildFile; fileRef = F0D623562577A48F004AF4AD /* Q15-3Sum_Test.swift */; };
		F0D6235A2578D887004AF4AD /* whereClause.swift in Sources */ = {isa = PBXBuildFile; fileRef = F0D623592578D887004AF4AD /* whereClause.swift */; };
		F0D6235E2578DA5A004AF4AD /* Q16-3SumClosest_Test.swift in Sources */ = {isa = PBXBuildFile; fileRef = F0D6235D2578DA5A004AF4AD /* Q16-3SumClosest_Test.swift */; };
		F0D623602578EBEF004AF4AD /* Q18-4Sum_Test.swift in Sources */ = {isa = PBXBuildFile; fileRef = F0D6235F2578EBEF004AF4AD /* Q18-4Sum_Test.swift */; };
		F0D623622578F105004AF4AD /* Q39_CombinationSum_Test.swift in Sources */ = {isa = PBXBuildFile; fileRef = F0D623612578F105004AF4AD /* Q39_CombinationSum_Test.swift */; };
		F0D623642578F405004AF4AD /* Q48_RotateImage_Test.swift in Sources */ = {isa = PBXBuildFile; fileRef = F0D623632578F405004AF4AD /* Q48_RotateImage_Test.swift */; };
		F0D623662578F63B004AF4AD /* Q62-UniquePaths_Test.swift in Sources */ = {isa = PBXBuildFile; fileRef = F0D623652578F63B004AF4AD /* Q62-UniquePaths_Test.swift */; };
		F0D62368257F1AFC004AF4AD /* Q415-AddStrings.swift in Sources */ = {isa = PBXBuildFile; fileRef = F0D62367257F1AFC004AF4AD /* Q415-AddStrings.swift */; };
		F0E41BF9262434520083ABAF /* Binance-ShortestStr.swift in Sources */ = {isa = PBXBuildFile; fileRef = F0E41BF8262434520083ABAF /* Binance-ShortestStr.swift */; };
		F0E41BFD262436560083ABAF /* Binance-ShortestStr_Test.swift in Sources */ = {isa = PBXBuildFile; fileRef = F0E41BFC262436560083ABAF /* Binance-ShortestStr_Test.swift */; };
		F0E41C44262D271D0083ABAF /* LeetcodeQueue.swift in Sources */ = {isa = PBXBuildFile; fileRef = F0E41C43262D271D0083ABAF /* LeetcodeQueue.swift */; };
		F0E41C87262E6F2A0083ABAF /* Q24-SwapNodesinPairs.swift in Sources */ = {isa = PBXBuildFile; fileRef = F0E41C86262E6F2A0083ABAF /* Q24-SwapNodesinPairs.swift */; };
		F0E41C8C262E716B0083ABAF /* Q24-SwapNodesinPairs_Test.swift in Sources */ = {isa = PBXBuildFile; fileRef = F0E41C8B262E716B0083ABAF /* Q24-SwapNodesinPairs_Test.swift */; };
		F0E41C92262E75790083ABAF /* Q100-SameTree.swift in Sources */ = {isa = PBXBuildFile; fileRef = F0E41C91262E75790083ABAF /* Q100-SameTree.swift */; };
		F0E41C96262E78CA0083ABAF /* Q100-SameTree_Test.swift in Sources */ = {isa = PBXBuildFile; fileRef = F0E41C95262E78CA0083ABAF /* Q100-SameTree_Test.swift */; };
		F0E41C9A262E7B570083ABAF /* Q21-MergeTwoSortedLists.swift in Sources */ = {isa = PBXBuildFile; fileRef = F0E41C99262E7B570083ABAF /* Q21-MergeTwoSortedLists.swift */; };
		F0E41CA3262E80D60083ABAF /* Q21-MergeTwoSortedLists_Test.swift in Sources */ = {isa = PBXBuildFile; fileRef = F0E41CA2262E80D60083ABAF /* Q21-MergeTwoSortedLists_Test.swift */; };
		F0E41CBD26314D1E0083ABAF /* Q203-RemoveLinkedListElements.swift in Sources */ = {isa = PBXBuildFile; fileRef = F0E41CBC26314D1E0083ABAF /* Q203-RemoveLinkedListElements.swift */; };
		F0E41CC126314F800083ABAF /* Q203-RemoveLinkedListElements_Test.swift in Sources */ = {isa = PBXBuildFile; fileRef = F0E41CC026314F800083ABAF /* Q203-RemoveLinkedListElements_Test.swift */; };
		F0E80F562342F9AC00808912 /* ClosurePractice.swift in Sources */ = {isa = PBXBuildFile; fileRef = F0E80F552342F9AC00808912 /* ClosurePractice.swift */; };
		F0E80F582342FA5600808912 /* Others.swift in Sources */ = {isa = PBXBuildFile; fileRef = F0E80F572342FA5600808912 /* Others.swift */; };
		F0FDA5E625621E6500522381 /* Q11-ContainerWithMostWater_Test.swift in Sources */ = {isa = PBXBuildFile; fileRef = F0FDA5E525621E6500522381 /* Q11-ContainerWithMostWater_Test.swift */; };
/* End PBXBuildFile section */

/* Begin PBXContainerItemProxy section */
		BC82426C217B175E0011CA7F /* PBXContainerItemProxy */ = {
			isa = PBXContainerItemProxy;
			containerPortal = BC82424F217B17590011CA7F /* Project object */;
			proxyType = 1;
			remoteGlobalIDString = BC824256217B17590011CA7F;
			remoteInfo = Leetcode;
		};
/* End PBXContainerItemProxy section */

/* Begin PBXFileReference section */
		BC824257217B17590011CA7F /* Leetcode.app */ = {isa = PBXFileReference; explicitFileType = wrapper.application; includeInIndex = 0; path = Leetcode.app; sourceTree = BUILT_PRODUCTS_DIR; };
		BC82425A217B17590011CA7F /* AppDelegate.swift */ = {isa = PBXFileReference; lastKnownFileType = sourcecode.swift; path = AppDelegate.swift; sourceTree = "<group>"; };
		BC82425C217B17590011CA7F /* ViewController.swift */ = {isa = PBXFileReference; lastKnownFileType = sourcecode.swift; path = ViewController.swift; sourceTree = "<group>"; };
		BC82425F217B175A0011CA7F /* Base */ = {isa = PBXFileReference; lastKnownFileType = file.storyboard; name = Base; path = Base.lproj/Main.storyboard; sourceTree = "<group>"; };
		BC824261217B175D0011CA7F /* Assets.xcassets */ = {isa = PBXFileReference; lastKnownFileType = folder.assetcatalog; path = Assets.xcassets; sourceTree = "<group>"; };
		BC824264217B175D0011CA7F /* Base */ = {isa = PBXFileReference; lastKnownFileType = file.storyboard; name = Base; path = Base.lproj/LaunchScreen.storyboard; sourceTree = "<group>"; };
		BC824266217B175D0011CA7F /* Info.plist */ = {isa = PBXFileReference; lastKnownFileType = text.plist.xml; path = Info.plist; sourceTree = "<group>"; };
		BC82426B217B175E0011CA7F /* LeetcodeTests.xctest */ = {isa = PBXFileReference; explicitFileType = wrapper.cfbundle; includeInIndex = 0; path = LeetcodeTests.xctest; sourceTree = BUILT_PRODUCTS_DIR; };
		BC82426F217B175E0011CA7F /* LeetcodeTests.swift */ = {isa = PBXFileReference; lastKnownFileType = sourcecode.swift; path = LeetcodeTests.swift; sourceTree = "<group>"; };
		BC824271217B175E0011CA7F /* Info.plist */ = {isa = PBXFileReference; lastKnownFileType = text.plist.xml; path = Info.plist; sourceTree = "<group>"; };
		F00EE6352543D3EF004B5864 /* Q18-4Sum.swift */ = {isa = PBXFileReference; lastKnownFileType = sourcecode.swift; path = "Q18-4Sum.swift"; sourceTree = "<group>"; };
		F00EE63725440274004B5864 /* Q219_ContainsDuplicateII.swift */ = {isa = PBXFileReference; lastKnownFileType = sourcecode.swift; name = Q219_ContainsDuplicateII.swift; path = Leetcode/LeetcodeQuestion/Medium/Array/Q219_ContainsDuplicateII.swift; sourceTree = SOURCE_ROOT; };
		F0194715254FD8A900F1AA09 /* Q404-SumOfLeftLeaves.swift */ = {isa = PBXFileReference; lastKnownFileType = sourcecode.swift; path = "Q404-SumOfLeftLeaves.swift"; sourceTree = "<group>"; };
		F02A32522548626300230EE9 /* Q11-ContainerWithMostWater.swift */ = {isa = PBXFileReference; lastKnownFileType = sourcecode.swift; path = "Q11-ContainerWithMostWater.swift"; sourceTree = "<group>"; };
		F02A3254254E8AD500230EE9 /* Q46-Permutations.swift */ = {isa = PBXFileReference; lastKnownFileType = sourcecode.swift; name = "Q46-Permutations.swift"; path = "Leetcode/LeetcodeQuestion/Medium/Q46-Permutations.swift"; sourceTree = SOURCE_ROOT; };
		F02A3256254E9D2500230EE9 /* Q48-RotateImage.swift */ = {isa = PBXFileReference; lastKnownFileType = sourcecode.swift; path = "Q48-RotateImage.swift"; sourceTree = "<group>"; };
		F02A3258254EB32800230EE9 /* Q17-LetterCombinationsOfAPhoneNumber.swift */ = {isa = PBXFileReference; lastKnownFileType = sourcecode.swift; name = "Q17-LetterCombinationsOfAPhoneNumber.swift"; path = "Leetcode/LeetcodeQuestion/Medium/Array/Q17-LetterCombinationsOfAPhoneNumber.swift"; sourceTree = SOURCE_ROOT; };
		F02A325A254EB42700230EE9 /* Q22-GenerateParentheses.swift */ = {isa = PBXFileReference; lastKnownFileType = sourcecode.swift; name = "Q22-GenerateParentheses.swift"; path = "Leetcode/LeetcodeQuestion/Medium/Array/Q22-GenerateParentheses.swift"; sourceTree = SOURCE_ROOT; };
		F02A325E2555A1AE00230EE9 /* Q47-Permutations2.swift */ = {isa = PBXFileReference; lastKnownFileType = sourcecode.swift; name = "Q47-Permutations2.swift"; path = "Leetcode/LeetcodeQuestion/Medium/Array/Q47-Permutations2.swift"; sourceTree = SOURCE_ROOT; };
		F02A32612557C9AD00230EE9 /* Q49-GroupAnagrams.swift */ = {isa = PBXFileReference; lastKnownFileType = sourcecode.swift; path = "Q49-GroupAnagrams.swift"; sourceTree = "<group>"; };
		F02A3263255ADFF400230EE9 /* Q62-UniquePaths.swift */ = {isa = PBXFileReference; lastKnownFileType = sourcecode.swift; path = "Q62-UniquePaths.swift"; sourceTree = "<group>"; };
		F02A3265255AE0DB00230EE9 /* Q412-FizzBuzz.swift */ = {isa = PBXFileReference; lastKnownFileType = sourcecode.swift; name = "Q412-FizzBuzz.swift"; path = "Leetcode/LeetcodeQuestion/Medium/Array/Q412-FizzBuzz.swift"; sourceTree = SOURCE_ROOT; };
		F02A3267255AE5E200230EE9 /* Q383-RansomNote.swift */ = {isa = PBXFileReference; lastKnownFileType = sourcecode.swift; name = "Q383-RansomNote.swift"; path = "Leetcode/LeetcodeQuestion/Medium/Array/Q383-RansomNote.swift"; sourceTree = SOURCE_ROOT; };
		F042855526306137000E2266 /* Q141-LinkedListCycle.swift */ = {isa = PBXFileReference; lastKnownFileType = sourcecode.swift; path = "Q141-LinkedListCycle.swift"; sourceTree = "<group>"; };
		F0428559263061A8000E2266 /* Q141-LinkedListCycle_Test.swift */ = {isa = PBXFileReference; lastKnownFileType = sourcecode.swift; path = "Q141-LinkedListCycle_Test.swift"; sourceTree = "<group>"; };
		F043BCF72568B67600B14544 /* Q461-HammingDistance .swift */ = {isa = PBXFileReference; lastKnownFileType = sourcecode.swift; path = "Q461-HammingDistance .swift"; sourceTree = "<group>"; };
		F048218F250687A000740590 /* Definition.swift */ = {isa = PBXFileReference; lastKnownFileType = sourcecode.swift; path = Definition.swift; sourceTree = "<group>"; };
		F0482191250FBA2000740590 /* Extension_String.swift */ = {isa = PBXFileReference; lastKnownFileType = sourcecode.swift; path = Extension_String.swift; sourceTree = "<group>"; };
		F048219425237E4400740590 /* Extension_Int.swift */ = {isa = PBXFileReference; lastKnownFileType = sourcecode.swift; path = Extension_Int.swift; sourceTree = "<group>"; };
		F04989DC255F80B300FDE8DC /* Q264-UglyNumberII.swift */ = {isa = PBXFileReference; lastKnownFileType = sourcecode.swift; name = "Q264-UglyNumberII.swift"; path = "Leetcode/LeetcodeQuestion/Medium/Array/Q264-UglyNumberII.swift"; sourceTree = SOURCE_ROOT; };
		F04989DE255F85A900FDE8DC /* Q40-CombinationSumII.swift */ = {isa = PBXFileReference; lastKnownFileType = sourcecode.swift; path = "Q40-CombinationSumII.swift"; sourceTree = "<group>"; };
		F04989E02562C44200FDE8DC /* Q414-ThirdMaximumNumber.swift */ = {isa = PBXFileReference; lastKnownFileType = sourcecode.swift; name = "Q414-ThirdMaximumNumber.swift"; path = "Leetcode/LeetcodeQuestion/Medium/Array/Q414-ThirdMaximumNumber.swift"; sourceTree = SOURCE_ROOT; };
		F058E8EF25428845002885CC /* Q15-3Sum.swift */ = {isa = PBXFileReference; lastKnownFileType = sourcecode.swift; path = "Q15-3Sum.swift"; sourceTree = "<group>"; };
		F058E8F1254288D0002885CC /* Executable.swift */ = {isa = PBXFileReference; lastKnownFileType = sourcecode.swift; path = Executable.swift; sourceTree = "<group>"; };
		F058E8FC2542D612002885CC /* Q16-3SumClosest.swift */ = {isa = PBXFileReference; lastKnownFileType = sourcecode.swift; path = "Q16-3SumClosest.swift"; sourceTree = "<group>"; };
		F058E8FE2542D6B6002885CC /* Q39-CombinationSum.swift */ = {isa = PBXFileReference; lastKnownFileType = sourcecode.swift; path = "Q39-CombinationSum.swift"; sourceTree = "<group>"; };
		F058E9002542D90F002885CC /* Q3-LongestSubstringWithoutRepeatingCharacters.swift */ = {isa = PBXFileReference; lastKnownFileType = sourcecode.swift; path = "Q3-LongestSubstringWithoutRepeatingCharacters.swift"; sourceTree = "<group>"; };
		F058E9022542DA04002885CC /* Q2_AddTwoNumbers.swift */ = {isa = PBXFileReference; lastKnownFileType = sourcecode.swift; path = Q2_AddTwoNumbers.swift; sourceTree = "<group>"; };
		F058E90A2546797D002885CC /* Q260_SingleNumber|||.swift */ = {isa = PBXFileReference; lastKnownFileType = sourcecode.swift; path = "Q260_SingleNumber|||.swift"; sourceTree = "<group>"; };
		F058E90C25467BCD002885CC /* Q392_IsSubsequence.swift */ = {isa = PBXFileReference; lastKnownFileType = sourcecode.swift; path = Q392_IsSubsequence.swift; sourceTree = "<group>"; };
		F05C92042330C174003DB2EB /* YahooInterview.swift */ = {isa = PBXFileReference; lastKnownFileType = sourcecode.swift; path = YahooInterview.swift; sourceTree = "<group>"; };
		F05C92062330C1A6003DB2EB /* Leetcode.swift */ = {isa = PBXFileReference; lastKnownFileType = sourcecode.swift; path = Leetcode.swift; sourceTree = "<group>"; };
		F05C92082330C469003DB2EB /* LeetcodeStack.swift */ = {isa = PBXFileReference; lastKnownFileType = sourcecode.swift; path = LeetcodeStack.swift; sourceTree = "<group>"; };
		F082AD43256BB6A800DE5AAD /* Q500-KeyboardRow.swift */ = {isa = PBXFileReference; lastKnownFileType = sourcecode.swift; path = "Q500-KeyboardRow.swift"; sourceTree = "<group>"; };
		F082AD7B25760EB700DE5AAD /* SYBaseTestCase.swift */ = {isa = PBXFileReference; lastKnownFileType = sourcecode.swift; name = SYBaseTestCase.swift; path = LeetcodeTests/SYBaseTestCase.swift; sourceTree = SOURCE_ROOT; };
		F082AD7D25760EF800DE5AAD /* Testable.swift */ = {isa = PBXFileReference; lastKnownFileType = sourcecode.swift; path = Testable.swift; sourceTree = "<group>"; };
		F09452CB25907DBC004042AC /* Q415-AddStrings_Test.swift */ = {isa = PBXFileReference; lastKnownFileType = sourcecode.swift; path = "Q415-AddStrings_Test.swift"; sourceTree = "<group>"; };
		F09452E1259085E5004042AC /* Q459-RepeatedSubstringPattern.swift */ = {isa = PBXFileReference; lastKnownFileType = sourcecode.swift; path = "Q459-RepeatedSubstringPattern.swift"; sourceTree = "<group>"; };
		F09452E7259088A5004042AC /* Q459-RepeatedSubstringPattern_Test.swift */ = {isa = PBXFileReference; lastKnownFileType = sourcecode.swift; path = "Q459-RepeatedSubstringPattern_Test.swift"; sourceTree = "<group>"; };
		F094530F2591C567004042AC /* Q520-DetectCapital.swift */ = {isa = PBXFileReference; lastKnownFileType = sourcecode.swift; path = "Q520-DetectCapital.swift"; sourceTree = "<group>"; };
		F09453132591C8BA004042AC /* Q520_DetectCapital_Test.swift */ = {isa = PBXFileReference; lastKnownFileType = sourcecode.swift; path = Q520_DetectCapital_Test.swift; sourceTree = "<group>"; };
		F09453182592E868004042AC /* Q551-StudentAttendanceRecord1.swift */ = {isa = PBXFileReference; lastKnownFileType = sourcecode.swift; path = "Q551-StudentAttendanceRecord1.swift"; sourceTree = "<group>"; };
		F094531C25931BB2004042AC /* Q551_StudentAttendanceRecord1_Test.swift */ = {isa = PBXFileReference; lastKnownFileType = sourcecode.swift; path = Q551_StudentAttendanceRecord1_Test.swift; sourceTree = "<group>"; };
		F094532025931EE3004042AC /* Q557-ReverseWordsinaString3.swift */ = {isa = PBXFileReference; lastKnownFileType = sourcecode.swift; path = "Q557-ReverseWordsinaString3.swift"; sourceTree = "<group>"; };
		F094532425931F20004042AC /* Q557_ReverseWordsinaString3_Test.swift */ = {isa = PBXFileReference; lastKnownFileType = sourcecode.swift; path = Q557_ReverseWordsinaString3_Test.swift; sourceTree = "<group>"; };
		F09453B4259AD174004042AC /* Q38-CountandSay.swift */ = {isa = PBXFileReference; lastKnownFileType = sourcecode.swift; path = "Q38-CountandSay.swift"; sourceTree = "<group>"; };
		F09453B8259AD8E3004042AC /* Q917-ReverseOnlyLetters.swift */ = {isa = PBXFileReference; lastKnownFileType = sourcecode.swift; path = "Q917-ReverseOnlyLetters.swift"; sourceTree = "<group>"; };
		F09453BC259ADBD4004042AC /* Q917_ReverseOnlyLetters_Test.swift */ = {isa = PBXFileReference; lastKnownFileType = sourcecode.swift; path = Q917_ReverseOnlyLetters_Test.swift; sourceTree = "<group>"; };
		F09453D7259C92C5004042AC /* Q925-LongPressedName.swift */ = {isa = PBXFileReference; lastKnownFileType = sourcecode.swift; path = "Q925-LongPressedName.swift"; sourceTree = "<group>"; };
		F09453DB259C9A67004042AC /* Q925_LongPressedName_Test.swift */ = {isa = PBXFileReference; lastKnownFileType = sourcecode.swift; path = Q925_LongPressedName_Test.swift; sourceTree = "<group>"; };
		F09453F5259D9AE3004042AC /* Q696-CountBinarySubstrings.swift */ = {isa = PBXFileReference; lastKnownFileType = sourcecode.swift; path = "Q696-CountBinarySubstrings.swift"; sourceTree = "<group>"; };
		F09453F9259DA83C004042AC /* Q345-ReverseVowelsofaString.swift */ = {isa = PBXFileReference; lastKnownFileType = sourcecode.swift; path = "Q345-ReverseVowelsofaString.swift"; sourceTree = "<group>"; };
		F09453FD259DAE19004042AC /* Q345_ReverseVowelsofaString_Test.swift */ = {isa = PBXFileReference; lastKnownFileType = sourcecode.swift; path = Q345_ReverseVowelsofaString_Test.swift; sourceTree = "<group>"; };
		F094540325A2C229004042AC /* Q434-NumberofSegmentsinaString.swift */ = {isa = PBXFileReference; lastKnownFileType = sourcecode.swift; path = "Q434-NumberofSegmentsinaString.swift"; sourceTree = "<group>"; };
		F094540725A2C26A004042AC /* Q434_NumberofSegmentsinaString_Test.swift */ = {isa = PBXFileReference; lastKnownFileType = sourcecode.swift; path = Q434_NumberofSegmentsinaString_Test.swift; sourceTree = "<group>"; };
		F0BECE3625DD0226004960D9 /* Q696-CountBinarySubstrings_Test.swift */ = {isa = PBXFileReference; lastKnownFileType = sourcecode.swift; path = "Q696-CountBinarySubstrings_Test.swift"; sourceTree = "<group>"; };
		F0BECE3A25DE5DC8004960D9 /* Q521-LongestUncommonSubsequenceI.swift */ = {isa = PBXFileReference; lastKnownFileType = sourcecode.swift; path = "Q521-LongestUncommonSubsequenceI.swift"; sourceTree = "<group>"; };
		F0BECE3E25DE5F16004960D9 /* Q521-LongestUncommonSubsequenceI_Test.swift */ = {isa = PBXFileReference; lastKnownFileType = sourcecode.swift; path = "Q521-LongestUncommonSubsequenceI_Test.swift"; sourceTree = "<group>"; };
		F0BECE4725DF9FF9004960D9 /* Q38-CountandSay_Test.swift */ = {isa = PBXFileReference; lastKnownFileType = sourcecode.swift; path = "Q38-CountandSay_Test.swift"; sourceTree = "<group>"; };
		F0BECE5825E35847004960D9 /* Q929-UniqueEmailAddresses.swift */ = {isa = PBXFileReference; lastKnownFileType = sourcecode.swift; path = "Q929-UniqueEmailAddresses.swift"; sourceTree = "<group>"; };
		F0BECE6125E38DEC004960D9 /* Q929-UniqueEmailAddresses_Test.swift */ = {isa = PBXFileReference; lastKnownFileType = sourcecode.swift; path = "Q929-UniqueEmailAddresses_Test.swift"; sourceTree = "<group>"; };
		F0BECE6925E4EE98004960D9 /* Q566-ReshapetheMatrix.swift */ = {isa = PBXFileReference; lastKnownFileType = sourcecode.swift; path = "Q566-ReshapetheMatrix.swift"; sourceTree = "<group>"; };
		F0BECE6D25E4F41E004960D9 /* Q566-ReshapetheMatrix_Test.swift */ = {isa = PBXFileReference; lastKnownFileType = sourcecode.swift; path = "Q566-ReshapetheMatrix_Test.swift"; sourceTree = "<group>"; };
		F0BECF3425EDE7F1004960D9 /* Q922-SortArraybyParity.swift */ = {isa = PBXFileReference; lastKnownFileType = sourcecode.swift; path = "Q922-SortArraybyParity.swift"; sourceTree = "<group>"; };
		F0BECF3825EDE92B004960D9 /* Q922-SortArraybyParity_Test.swift */ = {isa = PBXFileReference; lastKnownFileType = sourcecode.swift; path = "Q922-SortArraybyParity_Test.swift"; sourceTree = "<group>"; };
		F0BECF3C25EE0FE1004960D9 /* Q832-FlippinganImage.swift */ = {isa = PBXFileReference; lastKnownFileType = sourcecode.swift; path = "Q832-FlippinganImage.swift"; sourceTree = "<group>"; };
		F0BECF4025EE1190004960D9 /* Q832-FlippinganImage_Test.swift */ = {isa = PBXFileReference; lastKnownFileType = sourcecode.swift; path = "Q832-FlippinganImage_Test.swift"; sourceTree = "<group>"; };
		F0BECF6125F0BFE7004960D9 /* Q118-PascalsTriangle.swift */ = {isa = PBXFileReference; lastKnownFileType = sourcecode.swift; path = "Q118-PascalsTriangle.swift"; sourceTree = "<group>"; };
		F0BECF6525F0C2E0004960D9 /* Q118-PascalsTriangle_Test.swift */ = {isa = PBXFileReference; lastKnownFileType = sourcecode.swift; path = "Q118-PascalsTriangle_Test.swift"; sourceTree = "<group>"; };
		F0BECF6925F0C560004960D9 /* Q119-PascalsTriangle2.swift */ = {isa = PBXFileReference; lastKnownFileType = sourcecode.swift; path = "Q119-PascalsTriangle2.swift"; sourceTree = "<group>"; };
		F0BECF6F25F0C71B004960D9 /* Q119-PascalsTriangle2_Test.swift */ = {isa = PBXFileReference; lastKnownFileType = sourcecode.swift; path = "Q119-PascalsTriangle2_Test.swift"; sourceTree = "<group>"; };
		F0D4CBF725F21EFD007CEC68 /* Q830-PositionsofLargeGroups.swift */ = {isa = PBXFileReference; lastKnownFileType = sourcecode.swift; path = "Q830-PositionsofLargeGroups.swift"; sourceTree = "<group>"; };
		F0D4CBFB25F2368A007CEC68 /* Q830-PositionsofLargeGroups_Test.swift */ = {isa = PBXFileReference; lastKnownFileType = sourcecode.swift; path = "Q830-PositionsofLargeGroups_Test.swift"; sourceTree = "<group>"; };
		F0D4CC0325F5F9BA007CEC68 /* Q867-TransposeMatrix.swift */ = {isa = PBXFileReference; lastKnownFileType = sourcecode.swift; path = "Q867-TransposeMatrix.swift"; sourceTree = "<group>"; };
		F0D4CC0725F5FC4A007CEC68 /* Q867-TransposeMatrix_Test.swift */ = {isa = PBXFileReference; lastKnownFileType = sourcecode.swift; path = "Q867-TransposeMatrix_Test.swift"; sourceTree = "<group>"; };
		F0D4EDF925F74F2F00037B39 /* Q561-ArrayPartition.swift */ = {isa = PBXFileReference; lastKnownFileType = sourcecode.swift; path = "Q561-ArrayPartition.swift"; sourceTree = "<group>"; };
		F0D4EDFD25F7500500037B39 /* Q561-ArrayPartition_Test.swift */ = {isa = PBXFileReference; lastKnownFileType = sourcecode.swift; path = "Q561-ArrayPartition_Test.swift"; sourceTree = "<group>"; };
		F0D4EE1525F9F01900037B39 /* Q985-SumofEvenNumbersAfterQueries.swift */ = {isa = PBXFileReference; lastKnownFileType = sourcecode.swift; path = "Q985-SumofEvenNumbersAfterQueries.swift"; sourceTree = "<group>"; };
		F0D4EE1925F9F1C500037B39 /* Q985-SumofEvenNumbersAfterQueries_Test.swift */ = {isa = PBXFileReference; lastKnownFileType = sourcecode.swift; path = "Q985-SumofEvenNumbersAfterQueries_Test.swift"; sourceTree = "<group>"; };
		F0D4EE4125FB4EFB00037B39 /* Q238-ProductofArrayExceptSelf.swift */ = {isa = PBXFileReference; lastKnownFileType = sourcecode.swift; path = "Q238-ProductofArrayExceptSelf.swift"; sourceTree = "<group>"; };
		F0D4EE4525FB507900037B39 /* Q238-ProductofArrayExceptSelf_Test.swift */ = {isa = PBXFileReference; lastKnownFileType = sourcecode.swift; path = "Q238-ProductofArrayExceptSelf_Test.swift"; sourceTree = "<group>"; };
		F0D4EE5125FF32E400037B39 /* Q347-TopKFrequentElements.swift */ = {isa = PBXFileReference; lastKnownFileType = sourcecode.swift; path = "Q347-TopKFrequentElements.swift"; sourceTree = "<group>"; };
		F0D4EE5525FF37B700037B39 /* Q347-TopKFrequentElements_Test.swift */ = {isa = PBXFileReference; lastKnownFileType = sourcecode.swift; path = "Q347-TopKFrequentElements_Test.swift"; sourceTree = "<group>"; };
		F0D4EE5E26007E2C00037B39 /* Q961-N-RepeatedElementinSize2NArray.swift */ = {isa = PBXFileReference; lastKnownFileType = sourcecode.swift; path = "Q961-N-RepeatedElementinSize2NArray.swift"; sourceTree = "<group>"; };
		F0D4EE6226007FA600037B39 /* Q961-N-RepeatedElementinSize2NArray_Test.swift */ = {isa = PBXFileReference; lastKnownFileType = sourcecode.swift; path = "Q961-N-RepeatedElementinSize2NArray_Test.swift"; sourceTree = "<group>"; };
		F0D4EE6D2603272600037B39 /* Q1002-FindCommonCharacters.swift */ = {isa = PBXFileReference; lastKnownFileType = sourcecode.swift; path = "Q1002-FindCommonCharacters.swift"; sourceTree = "<group>"; };
		F0D4EE7126032F2000037B39 /* Q1002-FindCommonCharacters_Test.swift */ = {isa = PBXFileReference; lastKnownFileType = sourcecode.swift; path = "Q1002-FindCommonCharacters_Test.swift"; sourceTree = "<group>"; };
		F0D4EE752603347E00037B39 /* Q1365-HowManyNumbersAreSmallerThantheCurrentNumber.swift */ = {isa = PBXFileReference; lastKnownFileType = sourcecode.swift; path = "Q1365-HowManyNumbersAreSmallerThantheCurrentNumber.swift"; sourceTree = "<group>"; };
		F0D4EE7926033CD100037B39 /* Q1365-HowManyNumbersAreSmallerThantheCurrentNumber_Test.swift */ = {isa = PBXFileReference; lastKnownFileType = sourcecode.swift; path = "Q1365-HowManyNumbersAreSmallerThantheCurrentNumber_Test.swift"; sourceTree = "<group>"; };
		F0D4EE7D260497C700037B39 /* Q409-LongestPalindrome.swift */ = {isa = PBXFileReference; lastKnownFileType = sourcecode.swift; path = "Q409-LongestPalindrome.swift"; sourceTree = "<group>"; };
		F0D4EE8126049BFC00037B39 /* Q409-LongestPalindrome_Test.swift */ = {isa = PBXFileReference; lastKnownFileType = sourcecode.swift; path = "Q409-LongestPalindrome_Test.swift"; sourceTree = "<group>"; };
		F0D4EE8D26086A0B00037B39 /* Q1103-DistributeCandiestoPeople.swift */ = {isa = PBXFileReference; lastKnownFileType = sourcecode.swift; path = "Q1103-DistributeCandiestoPeople.swift"; sourceTree = "<group>"; };
		F0D4EE912608749800037B39 /* Q1103-DistributeCandiestoPeople_Test.swift */ = {isa = PBXFileReference; lastKnownFileType = sourcecode.swift; path = "Q1103-DistributeCandiestoPeople_Test.swift"; sourceTree = "<group>"; };
		F0D4EE96260B1C4D00037B39 /* KKDay_1.swift */ = {isa = PBXFileReference; lastKnownFileType = sourcecode.swift; path = KKDay_1.swift; sourceTree = "<group>"; };
		F0D4EE9A260B1C8300037B39 /* KKDay_2.swift */ = {isa = PBXFileReference; lastKnownFileType = sourcecode.swift; path = KKDay_2.swift; sourceTree = "<group>"; };
		F0D4EE9E260B1C9C00037B39 /* KKDay_1_Test.swift */ = {isa = PBXFileReference; lastKnownFileType = sourcecode.swift; path = KKDay_1_Test.swift; sourceTree = "<group>"; };
		F0D4EEA2260B1D5900037B39 /* KKDay_2_Test.swift */ = {isa = PBXFileReference; lastKnownFileType = sourcecode.swift; path = KKDay_2_Test.swift; sourceTree = "<group>"; };
		F0D4EEAA260B4B6400037B39 /* KKDay_3.swift */ = {isa = PBXFileReference; lastKnownFileType = sourcecode.swift; path = KKDay_3.swift; sourceTree = "<group>"; };
		F0D4EEAE260B4D3700037B39 /* KKDay_3_Test.swift */ = {isa = PBXFileReference; lastKnownFileType = sourcecode.swift; path = KKDay_3_Test.swift; sourceTree = "<group>"; };
		F0D4EEBA260C399F00037B39 /* Q1694-ReformatPhoneNumber.swift */ = {isa = PBXFileReference; lastKnownFileType = sourcecode.swift; path = "Q1694-ReformatPhoneNumber.swift"; sourceTree = "<group>"; };
		F0D4EEBE260C39E400037B39 /* Q1694-ReformatPhoneNumber_Test.swift */ = {isa = PBXFileReference; lastKnownFileType = sourcecode.swift; path = "Q1694-ReformatPhoneNumber_Test.swift"; sourceTree = "<group>"; };
		F0D4EECE260D7E6800037B39 /* Q876-MiddleoftheLinkedList.swift */ = {isa = PBXFileReference; lastKnownFileType = sourcecode.swift; path = "Q876-MiddleoftheLinkedList.swift"; sourceTree = "<group>"; };
		F0D4EED2260D81AA00037B39 /* Q876-MiddleoftheLinkedList_Test.swift */ = {isa = PBXFileReference; lastKnownFileType = sourcecode.swift; path = "Q876-MiddleoftheLinkedList_Test.swift"; sourceTree = "<group>"; };
		F0D4EED6260D8F0400037B39 /* Q453-MinimumMovestoEqualArrayElements.swift */ = {isa = PBXFileReference; lastKnownFileType = sourcecode.swift; path = "Q453-MinimumMovestoEqualArrayElements.swift"; sourceTree = "<group>"; };
		F0D4EEDF260D8F9300037B39 /* Q453-MinimumMovestoEqualArrayElements_Test.swift */ = {isa = PBXFileReference; lastKnownFileType = sourcecode.swift; path = "Q453-MinimumMovestoEqualArrayElements_Test.swift"; sourceTree = "<group>"; };
		F0D623562577A48F004AF4AD /* Q15-3Sum_Test.swift */ = {isa = PBXFileReference; lastKnownFileType = sourcecode.swift; path = "Q15-3Sum_Test.swift"; sourceTree = "<group>"; };
		F0D623592578D887004AF4AD /* whereClause.swift */ = {isa = PBXFileReference; lastKnownFileType = sourcecode.swift; path = whereClause.swift; sourceTree = "<group>"; };
		F0D6235D2578DA5A004AF4AD /* Q16-3SumClosest_Test.swift */ = {isa = PBXFileReference; lastKnownFileType = sourcecode.swift; path = "Q16-3SumClosest_Test.swift"; sourceTree = "<group>"; };
		F0D6235F2578EBEF004AF4AD /* Q18-4Sum_Test.swift */ = {isa = PBXFileReference; lastKnownFileType = sourcecode.swift; path = "Q18-4Sum_Test.swift"; sourceTree = "<group>"; };
		F0D623612578F105004AF4AD /* Q39_CombinationSum_Test.swift */ = {isa = PBXFileReference; lastKnownFileType = sourcecode.swift; path = Q39_CombinationSum_Test.swift; sourceTree = "<group>"; };
		F0D623632578F405004AF4AD /* Q48_RotateImage_Test.swift */ = {isa = PBXFileReference; lastKnownFileType = sourcecode.swift; path = Q48_RotateImage_Test.swift; sourceTree = "<group>"; };
		F0D623652578F63B004AF4AD /* Q62-UniquePaths_Test.swift */ = {isa = PBXFileReference; lastKnownFileType = sourcecode.swift; path = "Q62-UniquePaths_Test.swift"; sourceTree = "<group>"; };
		F0D62367257F1AFC004AF4AD /* Q415-AddStrings.swift */ = {isa = PBXFileReference; lastKnownFileType = sourcecode.swift; path = "Q415-AddStrings.swift"; sourceTree = "<group>"; };
		F0E41BF8262434520083ABAF /* Binance-ShortestStr.swift */ = {isa = PBXFileReference; lastKnownFileType = sourcecode.swift; path = "Binance-ShortestStr.swift"; sourceTree = "<group>"; };
		F0E41BFC262436560083ABAF /* Binance-ShortestStr_Test.swift */ = {isa = PBXFileReference; lastKnownFileType = sourcecode.swift; path = "Binance-ShortestStr_Test.swift"; sourceTree = "<group>"; };
		F0E41C43262D271D0083ABAF /* LeetcodeQueue.swift */ = {isa = PBXFileReference; lastKnownFileType = sourcecode.swift; path = LeetcodeQueue.swift; sourceTree = "<group>"; };
		F0E41C86262E6F2A0083ABAF /* Q24-SwapNodesinPairs.swift */ = {isa = PBXFileReference; lastKnownFileType = sourcecode.swift; path = "Q24-SwapNodesinPairs.swift"; sourceTree = "<group>"; };
		F0E41C8B262E716B0083ABAF /* Q24-SwapNodesinPairs_Test.swift */ = {isa = PBXFileReference; lastKnownFileType = sourcecode.swift; path = "Q24-SwapNodesinPairs_Test.swift"; sourceTree = "<group>"; };
		F0E41C91262E75790083ABAF /* Q100-SameTree.swift */ = {isa = PBXFileReference; lastKnownFileType = sourcecode.swift; path = "Q100-SameTree.swift"; sourceTree = "<group>"; };
		F0E41C95262E78CA0083ABAF /* Q100-SameTree_Test.swift */ = {isa = PBXFileReference; lastKnownFileType = sourcecode.swift; path = "Q100-SameTree_Test.swift"; sourceTree = "<group>"; };
		F0E41C99262E7B570083ABAF /* Q21-MergeTwoSortedLists.swift */ = {isa = PBXFileReference; lastKnownFileType = sourcecode.swift; path = "Q21-MergeTwoSortedLists.swift"; sourceTree = "<group>"; };
		F0E41CA2262E80D60083ABAF /* Q21-MergeTwoSortedLists_Test.swift */ = {isa = PBXFileReference; lastKnownFileType = sourcecode.swift; path = "Q21-MergeTwoSortedLists_Test.swift"; sourceTree = "<group>"; };
		F0E41CBC26314D1E0083ABAF /* Q203-RemoveLinkedListElements.swift */ = {isa = PBXFileReference; lastKnownFileType = sourcecode.swift; path = "Q203-RemoveLinkedListElements.swift"; sourceTree = "<group>"; };
		F0E41CC026314F800083ABAF /* Q203-RemoveLinkedListElements_Test.swift */ = {isa = PBXFileReference; lastKnownFileType = sourcecode.swift; path = "Q203-RemoveLinkedListElements_Test.swift"; sourceTree = "<group>"; };
		F0E80F552342F9AC00808912 /* ClosurePractice.swift */ = {isa = PBXFileReference; lastKnownFileType = sourcecode.swift; path = ClosurePractice.swift; sourceTree = "<group>"; };
		F0E80F572342FA5600808912 /* Others.swift */ = {isa = PBXFileReference; lastKnownFileType = sourcecode.swift; path = Others.swift; sourceTree = "<group>"; };
		F0FDA5E525621E6500522381 /* Q11-ContainerWithMostWater_Test.swift */ = {isa = PBXFileReference; lastKnownFileType = sourcecode.swift; path = "Q11-ContainerWithMostWater_Test.swift"; sourceTree = "<group>"; };
/* End PBXFileReference section */

/* Begin PBXFrameworksBuildPhase section */
		BC824254217B17590011CA7F /* Frameworks */ = {
			isa = PBXFrameworksBuildPhase;
			buildActionMask = 2147483647;
			files = (
			);
			runOnlyForDeploymentPostprocessing = 0;
		};
		BC824268217B175E0011CA7F /* Frameworks */ = {
			isa = PBXFrameworksBuildPhase;
			buildActionMask = 2147483647;
			files = (
			);
			runOnlyForDeploymentPostprocessing = 0;
		};
/* End PBXFrameworksBuildPhase section */

/* Begin PBXGroup section */
		BC82424E217B17590011CA7F = {
			isa = PBXGroup;
			children = (
				BC824259217B17590011CA7F /* Leetcode */,
				BC82426E217B175E0011CA7F /* LeetcodeTests */,
				BC824258217B17590011CA7F /* Products */,
			);
			sourceTree = "<group>";
		};
		BC824258217B17590011CA7F /* Products */ = {
			isa = PBXGroup;
			children = (
				BC824257217B17590011CA7F /* Leetcode.app */,
				BC82426B217B175E0011CA7F /* LeetcodeTests.xctest */,
			);
			name = Products;
			sourceTree = "<group>";
		};
		BC824259217B17590011CA7F /* Leetcode */ = {
			isa = PBXGroup;
			children = (
				BC82425A217B17590011CA7F /* AppDelegate.swift */,
				BC82425C217B17590011CA7F /* ViewController.swift */,
				BC82425E217B175A0011CA7F /* Main.storyboard */,
				BC824261217B175D0011CA7F /* Assets.xcassets */,
				BC824263217B175D0011CA7F /* LaunchScreen.storyboard */,
				BC824266217B175D0011CA7F /* Info.plist */,
				F0E80F592342FAF300808912 /* LeetcodeQuestion */,
				F0E80F552342F9AC00808912 /* ClosurePractice.swift */,
				F0E80F572342FA5600808912 /* Others.swift */,
				F048218F250687A000740590 /* Definition.swift */,
				F058E8C725428562002885CC /* Extensions */,
				F0D623592578D887004AF4AD /* whereClause.swift */,
			);
			path = Leetcode;
			sourceTree = "<group>";
		};
		BC82426E217B175E0011CA7F /* LeetcodeTests */ = {
			isa = PBXGroup;
			children = (
				F0D4EEA6260B4B1700037B39 /* Interview_Questions_Test */,
				F09452C925907DA1004042AC /* Easy */,
				F0D6235C2578DA2A004AF4AD /* Medium */,
				F082AD7B25760EB700DE5AAD /* SYBaseTestCase.swift */,
				BC82426F217B175E0011CA7F /* LeetcodeTests.swift */,
				BC824271217B175E0011CA7F /* Info.plist */,
				F082AD7D25760EF800DE5AAD /* Testable.swift */,
			);
			path = LeetcodeTests;
			sourceTree = "<group>";
		};
		F0194717254FD8AD00F1AA09 /* Tree */ = {
			isa = PBXGroup;
			children = (
				F0194715254FD8A900F1AA09 /* Q404-SumOfLeftLeaves.swift */,
				F0E41C91262E75790083ABAF /* Q100-SameTree.swift */,
			);
			path = Tree;
			sourceTree = "<group>";
		};
		F043BCF92568B67E00B14544 /* BitManipulation  */ = {
			isa = PBXGroup;
			children = (
				F043BCF72568B67600B14544 /* Q461-HammingDistance .swift */,
			);
			path = "BitManipulation ";
			sourceTree = "<group>";
		};
		F058E8C725428562002885CC /* Extensions */ = {
			isa = PBXGroup;
			children = (
				F0482191250FBA2000740590 /* Extension_String.swift */,
				F048219425237E4400740590 /* Extension_Int.swift */,
			);
			path = Extensions;
			sourceTree = "<group>";
		};
		F058E8C82542859E002885CC /* Easy */ = {
			isa = PBXGroup;
			children = (
				F058E8CB2542863F002885CC /* Array */,
				F058E8D025428679002885CC /* Backtracking */,
				F058E8D3254286AF002885CC /* BinarySearch */,
				F058E8D225428697002885CC /* DivideAndConquer */,
				F058E8D125428689002885CC /* DynamicProgramming */,
				F058E8CC25428645002885CC /* HashTable */,
				F058E8D6254286E8002885CC /* Heap */,
				F058E8CD25428650002885CC /* LinkedList */,
				F058E8CE2542865F002885CC /* Math */,
				F058E8D5254286DD002885CC /* Stack */,
				F058E8D4254286BC002885CC /* String */,
				F058E8CF25428663002885CC /* TwoPointers */,
				F043BCF92568B67E00B14544 /* BitManipulation  */,
				F0194717254FD8AD00F1AA09 /* Tree */,
				F042855526306137000E2266 /* Q141-LinkedListCycle.swift */,
			);
			path = Easy;
			sourceTree = "<group>";
		};
		F058E8C9254285A6002885CC /* Medium */ = {
			isa = PBXGroup;
			children = (
				F058E8DD25428743002885CC /* Array */,
				F058E8D725428743002885CC /* Backtracking */,
				F058E8DC25428743002885CC /* BinarySearch */,
				F058E9092546794A002885CC /* Bit Manipulation  */,
				F058E8DE25428743002885CC /* DivideAndConquer */,
				F058E8DB25428743002885CC /* DynamicProgramming */,
				F058E8E125428743002885CC /* HashTable */,
				F058E8D825428743002885CC /* Heap */,
				F058E8DF25428743002885CC /* LinkedList */,
				F058E8D925428743002885CC /* Math */,
				F058E8E225428744002885CC /* Stack */,
				F058E8DA25428743002885CC /* String */,
				F058E8E025428743002885CC /* TwoPointers */,
			);
			path = Medium;
			sourceTree = "<group>";
		};
		F058E8CA254285AC002885CC /* Hard */ = {
			isa = PBXGroup;
			children = (
				F058E8ED2542874A002885CC /* Array */,
				F058E8E32542874A002885CC /* Backtracking */,
				F058E8E52542874A002885CC /* BinarySearch */,
				F058E8E42542874A002885CC /* DivideAndConquer */,
				F058E8EA2542874A002885CC /* DynamicProgramming */,
				F058E8EC2542874A002885CC /* HashTable */,
				F058E8E82542874A002885CC /* Heap */,
				F058E8E72542874A002885CC /* LinkedList */,
				F058E8EB2542874A002885CC /* Math */,
				F058E8E62542874A002885CC /* Stack */,
				F058E8EE2542874A002885CC /* String */,
				F058E8E92542874A002885CC /* TwoPointers */,
			);
			path = Hard;
			sourceTree = "<group>";
		};
		F058E8CB2542863F002885CC /* Array */ = {
			isa = PBXGroup;
			children = (
				F00EE63725440274004B5864 /* Q219_ContainsDuplicateII.swift */,
				F02A3265255AE0DB00230EE9 /* Q412-FizzBuzz.swift */,
				F04989E02562C44200FDE8DC /* Q414-ThirdMaximumNumber.swift */,
				F0BECE6925E4EE98004960D9 /* Q566-ReshapetheMatrix.swift */,
				F0BECF3425EDE7F1004960D9 /* Q922-SortArraybyParity.swift */,
				F0BECF3C25EE0FE1004960D9 /* Q832-FlippinganImage.swift */,
				F0BECF6125F0BFE7004960D9 /* Q118-PascalsTriangle.swift */,
				F0BECF6925F0C560004960D9 /* Q119-PascalsTriangle2.swift */,
				F0D4CBF725F21EFD007CEC68 /* Q830-PositionsofLargeGroups.swift */,
				F0D4CC0325F5F9BA007CEC68 /* Q867-TransposeMatrix.swift */,
				F0D4EDF925F74F2F00037B39 /* Q561-ArrayPartition.swift */,
				F0D4EE1525F9F01900037B39 /* Q985-SumofEvenNumbersAfterQueries.swift */,
			);
			path = Array;
			sourceTree = "<group>";
		};
		F058E8CC25428645002885CC /* HashTable */ = {
			isa = PBXGroup;
			children = (
				F082AD43256BB6A800DE5AAD /* Q500-KeyboardRow.swift */,
				F0D4EE5E26007E2C00037B39 /* Q961-N-RepeatedElementinSize2NArray.swift */,
				F0D4EE6D2603272600037B39 /* Q1002-FindCommonCharacters.swift */,
				F0D4EE752603347E00037B39 /* Q1365-HowManyNumbersAreSmallerThantheCurrentNumber.swift */,
				F0D4EE7D260497C700037B39 /* Q409-LongestPalindrome.swift */,
			);
			path = HashTable;
			sourceTree = "<group>";
		};
		F058E8CD25428650002885CC /* LinkedList */ = {
			isa = PBXGroup;
			children = (
				F0E41C99262E7B570083ABAF /* Q21-MergeTwoSortedLists.swift */,
				F0E41CBC26314D1E0083ABAF /* Q203-RemoveLinkedListElements.swift */,
			);
			path = LinkedList;
			sourceTree = "<group>";
		};
		F058E8CE2542865F002885CC /* Math */ = {
			isa = PBXGroup;
			children = (
				F0D4EE8D26086A0B00037B39 /* Q1103-DistributeCandiestoPeople.swift */,
				F0D4EECE260D7E6800037B39 /* Q876-MiddleoftheLinkedList.swift */,
				F0D4EED6260D8F0400037B39 /* Q453-MinimumMovestoEqualArrayElements.swift */,
			);
			path = Math;
			sourceTree = "<group>";
		};
		F058E8CF25428663002885CC /* TwoPointers */ = {
			isa = PBXGroup;
			children = (
			);
			path = TwoPointers;
			sourceTree = "<group>";
		};
		F058E8D025428679002885CC /* Backtracking */ = {
			isa = PBXGroup;
			children = (
			);
			path = Backtracking;
			sourceTree = "<group>";
		};
		F058E8D125428689002885CC /* DynamicProgramming */ = {
			isa = PBXGroup;
			children = (
			);
			path = DynamicProgramming;
			sourceTree = "<group>";
		};
		F058E8D225428697002885CC /* DivideAndConquer */ = {
			isa = PBXGroup;
			children = (
			);
			path = DivideAndConquer;
			sourceTree = "<group>";
		};
		F058E8D3254286AF002885CC /* BinarySearch */ = {
			isa = PBXGroup;
			children = (
				F058E90C25467BCD002885CC /* Q392_IsSubsequence.swift */,
			);
			path = BinarySearch;
			sourceTree = "<group>";
		};
		F058E8D4254286BC002885CC /* String */ = {
			isa = PBXGroup;
			children = (
				F02A3267255AE5E200230EE9 /* Q383-RansomNote.swift */,
				F0D62367257F1AFC004AF4AD /* Q415-AddStrings.swift */,
				F09452E1259085E5004042AC /* Q459-RepeatedSubstringPattern.swift */,
				F094530F2591C567004042AC /* Q520-DetectCapital.swift */,
				F09453182592E868004042AC /* Q551-StudentAttendanceRecord1.swift */,
				F094532025931EE3004042AC /* Q557-ReverseWordsinaString3.swift */,
				F09453B8259AD8E3004042AC /* Q917-ReverseOnlyLetters.swift */,
				F09453D7259C92C5004042AC /* Q925-LongPressedName.swift */,
				F09453F5259D9AE3004042AC /* Q696-CountBinarySubstrings.swift */,
				F09453F9259DA83C004042AC /* Q345-ReverseVowelsofaString.swift */,
				F094540325A2C229004042AC /* Q434-NumberofSegmentsinaString.swift */,
				F0BECE3A25DE5DC8004960D9 /* Q521-LongestUncommonSubsequenceI.swift */,
				F0BECE5825E35847004960D9 /* Q929-UniqueEmailAddresses.swift */,
				F0D4EEBA260C399F00037B39 /* Q1694-ReformatPhoneNumber.swift */,
			);
			path = String;
			sourceTree = "<group>";
		};
		F058E8D5254286DD002885CC /* Stack */ = {
			isa = PBXGroup;
			children = (
			);
			path = Stack;
			sourceTree = "<group>";
		};
		F058E8D6254286E8002885CC /* Heap */ = {
			isa = PBXGroup;
			children = (
			);
			path = Heap;
			sourceTree = "<group>";
		};
		F058E8D725428743002885CC /* Backtracking */ = {
			isa = PBXGroup;
			children = (
				F02A3254254E8AD500230EE9 /* Q46-Permutations.swift */,
				F02A3258254EB32800230EE9 /* Q17-LetterCombinationsOfAPhoneNumber.swift */,
				F02A325A254EB42700230EE9 /* Q22-GenerateParentheses.swift */,
				F02A325E2555A1AE00230EE9 /* Q47-Permutations2.swift */,
			);
			path = Backtracking;
			sourceTree = "<group>";
		};
		F058E8D825428743002885CC /* Heap */ = {
			isa = PBXGroup;
			children = (
			);
			path = Heap;
			sourceTree = "<group>";
		};
		F058E8D925428743002885CC /* Math */ = {
			isa = PBXGroup;
			children = (
				F04989DC255F80B300FDE8DC /* Q264-UglyNumberII.swift */,
			);
			path = Math;
			sourceTree = "<group>";
		};
		F058E8DA25428743002885CC /* String */ = {
			isa = PBXGroup;
			children = (
				F09453B4259AD174004042AC /* Q38-CountandSay.swift */,
			);
			path = String;
			sourceTree = "<group>";
		};
		F058E8DB25428743002885CC /* DynamicProgramming */ = {
			isa = PBXGroup;
			children = (
			);
			path = DynamicProgramming;
			sourceTree = "<group>";
		};
		F058E8DC25428743002885CC /* BinarySearch */ = {
			isa = PBXGroup;
			children = (
			);
			path = BinarySearch;
			sourceTree = "<group>";
		};
		F058E8DD25428743002885CC /* Array */ = {
			isa = PBXGroup;
			children = (
				F02A32522548626300230EE9 /* Q11-ContainerWithMostWater.swift */,
				F058E8EF25428845002885CC /* Q15-3Sum.swift */,
				F058E8FC2542D612002885CC /* Q16-3SumClosest.swift */,
				F00EE6352543D3EF004B5864 /* Q18-4Sum.swift */,
				F058E8FE2542D6B6002885CC /* Q39-CombinationSum.swift */,
				F02A3256254E9D2500230EE9 /* Q48-RotateImage.swift */,
				F02A3263255ADFF400230EE9 /* Q62-UniquePaths.swift */,
				F04989DE255F85A900FDE8DC /* Q40-CombinationSumII.swift */,
				F0D4EE4125FB4EFB00037B39 /* Q238-ProductofArrayExceptSelf.swift */,
			);
			path = Array;
			sourceTree = "<group>";
		};
		F058E8DE25428743002885CC /* DivideAndConquer */ = {
			isa = PBXGroup;
			children = (
			);
			path = DivideAndConquer;
			sourceTree = "<group>";
		};
		F058E8DF25428743002885CC /* LinkedList */ = {
			isa = PBXGroup;
			children = (
				F058E9022542DA04002885CC /* Q2_AddTwoNumbers.swift */,
				F0E41C86262E6F2A0083ABAF /* Q24-SwapNodesinPairs.swift */,
			);
			path = LinkedList;
			sourceTree = "<group>";
		};
		F058E8E025428743002885CC /* TwoPointers */ = {
			isa = PBXGroup;
			children = (
			);
			path = TwoPointers;
			sourceTree = "<group>";
		};
		F058E8E125428743002885CC /* HashTable */ = {
			isa = PBXGroup;
			children = (
				F058E9002542D90F002885CC /* Q3-LongestSubstringWithoutRepeatingCharacters.swift */,
				F02A32612557C9AD00230EE9 /* Q49-GroupAnagrams.swift */,
				F0D4EE5125FF32E400037B39 /* Q347-TopKFrequentElements.swift */,
			);
			path = HashTable;
			sourceTree = "<group>";
		};
		F058E8E225428744002885CC /* Stack */ = {
			isa = PBXGroup;
			children = (
			);
			path = Stack;
			sourceTree = "<group>";
		};
		F058E8E32542874A002885CC /* Backtracking */ = {
			isa = PBXGroup;
			children = (
			);
			path = Backtracking;
			sourceTree = "<group>";
		};
		F058E8E42542874A002885CC /* DivideAndConquer */ = {
			isa = PBXGroup;
			children = (
			);
			path = DivideAndConquer;
			sourceTree = "<group>";
		};
		F058E8E52542874A002885CC /* BinarySearch */ = {
			isa = PBXGroup;
			children = (
			);
			path = BinarySearch;
			sourceTree = "<group>";
		};
		F058E8E62542874A002885CC /* Stack */ = {
			isa = PBXGroup;
			children = (
			);
			path = Stack;
			sourceTree = "<group>";
		};
		F058E8E72542874A002885CC /* LinkedList */ = {
			isa = PBXGroup;
			children = (
			);
			path = LinkedList;
			sourceTree = "<group>";
		};
		F058E8E82542874A002885CC /* Heap */ = {
			isa = PBXGroup;
			children = (
			);
			path = Heap;
			sourceTree = "<group>";
		};
		F058E8E92542874A002885CC /* TwoPointers */ = {
			isa = PBXGroup;
			children = (
			);
			path = TwoPointers;
			sourceTree = "<group>";
		};
		F058E8EA2542874A002885CC /* DynamicProgramming */ = {
			isa = PBXGroup;
			children = (
			);
			path = DynamicProgramming;
			sourceTree = "<group>";
		};
		F058E8EB2542874A002885CC /* Math */ = {
			isa = PBXGroup;
			children = (
			);
			path = Math;
			sourceTree = "<group>";
		};
		F058E8EC2542874A002885CC /* HashTable */ = {
			isa = PBXGroup;
			children = (
			);
			path = HashTable;
			sourceTree = "<group>";
		};
		F058E8ED2542874A002885CC /* Array */ = {
			isa = PBXGroup;
			children = (
			);
			path = Array;
			sourceTree = "<group>";
		};
		F058E8EE2542874A002885CC /* String */ = {
			isa = PBXGroup;
			children = (
			);
			path = String;
			sourceTree = "<group>";
		};
		F058E9092546794A002885CC /* Bit Manipulation  */ = {
			isa = PBXGroup;
			children = (
				F058E90A2546797D002885CC /* Q260_SingleNumber|||.swift */,
			);
			path = "Bit Manipulation ";
			sourceTree = "<group>";
		};
		F09452C925907DA1004042AC /* Easy */ = {
			isa = PBXGroup;
			children = (
				F09452CA25907DA8004042AC /* String */,
				F0BECE7125E4F422004960D9 /* Array */,
				F0D4EE6626007FAA00037B39 /* HashTable */,
				F0D4EEDA260D8F8300037B39 /* Math */,
				F0E41C9D262E809A0083ABAF /* Tree */,
				F0E41CA2262E80D60083ABAF /* Q21-MergeTwoSortedLists_Test.swift */,
				F0E41CC026314F800083ABAF /* Q203-RemoveLinkedListElements_Test.swift */,
				F0428559263061A8000E2266 /* Q141-LinkedListCycle_Test.swift */,
			);
			path = Easy;
			sourceTree = "<group>";
		};
		F09452CA25907DA8004042AC /* String */ = {
			isa = PBXGroup;
			children = (
				F09452CB25907DBC004042AC /* Q415-AddStrings_Test.swift */,
				F09452E7259088A5004042AC /* Q459-RepeatedSubstringPattern_Test.swift */,
				F09453132591C8BA004042AC /* Q520_DetectCapital_Test.swift */,
				F094531C25931BB2004042AC /* Q551_StudentAttendanceRecord1_Test.swift */,
				F094532425931F20004042AC /* Q557_ReverseWordsinaString3_Test.swift */,
				F09453BC259ADBD4004042AC /* Q917_ReverseOnlyLetters_Test.swift */,
				F09453DB259C9A67004042AC /* Q925_LongPressedName_Test.swift */,
				F09453FD259DAE19004042AC /* Q345_ReverseVowelsofaString_Test.swift */,
				F094540725A2C26A004042AC /* Q434_NumberofSegmentsinaString_Test.swift */,
				F0BECE3625DD0226004960D9 /* Q696-CountBinarySubstrings_Test.swift */,
				F0BECE3E25DE5F16004960D9 /* Q521-LongestUncommonSubsequenceI_Test.swift */,
				F0BECE6125E38DEC004960D9 /* Q929-UniqueEmailAddresses_Test.swift */,
				F0D4EEBE260C39E400037B39 /* Q1694-ReformatPhoneNumber_Test.swift */,
			);
			path = String;
			sourceTree = "<group>";
		};
		F0BECE4B25DFA010004960D9 /* String */ = {
			isa = PBXGroup;
			children = (
				F0BECE4725DF9FF9004960D9 /* Q38-CountandSay_Test.swift */,
			);
			path = String;
			sourceTree = "<group>";
		};
		F0BECE7125E4F422004960D9 /* Array */ = {
			isa = PBXGroup;
			children = (
				F0BECE6D25E4F41E004960D9 /* Q566-ReshapetheMatrix_Test.swift */,
				F0BECF3825EDE92B004960D9 /* Q922-SortArraybyParity_Test.swift */,
				F0BECF4025EE1190004960D9 /* Q832-FlippinganImage_Test.swift */,
				F0BECF6525F0C2E0004960D9 /* Q118-PascalsTriangle_Test.swift */,
				F0BECF6F25F0C71B004960D9 /* Q119-PascalsTriangle2_Test.swift */,
				F0D4CBFB25F2368A007CEC68 /* Q830-PositionsofLargeGroups_Test.swift */,
				F0D4CC0725F5FC4A007CEC68 /* Q867-TransposeMatrix_Test.swift */,
				F0D4EDFD25F7500500037B39 /* Q561-ArrayPartition_Test.swift */,
				F0D4EE1925F9F1C500037B39 /* Q985-SumofEvenNumbersAfterQueries_Test.swift */,
			);
			path = Array;
			sourceTree = "<group>";
		};
		F0D4EE5925FF37BD00037B39 /* HashTable */ = {
			isa = PBXGroup;
			children = (
				F0D4EE5525FF37B700037B39 /* Q347-TopKFrequentElements_Test.swift */,
			);
			path = HashTable;
			sourceTree = "<group>";
		};
		F0D4EE6626007FAA00037B39 /* HashTable */ = {
			isa = PBXGroup;
			children = (
				F0D4EE6226007FA600037B39 /* Q961-N-RepeatedElementinSize2NArray_Test.swift */,
				F0D4EE7126032F2000037B39 /* Q1002-FindCommonCharacters_Test.swift */,
				F0D4EE7926033CD100037B39 /* Q1365-HowManyNumbersAreSmallerThantheCurrentNumber_Test.swift */,
				F0D4EE8126049BFC00037B39 /* Q409-LongestPalindrome_Test.swift */,
			);
			path = HashTable;
			sourceTree = "<group>";
		};
		F0D4EEA6260B4B1700037B39 /* Interview_Questions_Test */ = {
			isa = PBXGroup;
			children = (
				F0E41C022627DB220083ABAF /* Binance */,
				F0D4EEFD2615661C00037B39 /* KKDay */,
			);
			path = Interview_Questions_Test;
			sourceTree = "<group>";
		};
		F0D4EEA7260B4B3D00037B39 /* Interview_Questions */ = {
			isa = PBXGroup;
			children = (
				F0E41C3D262D26AC0083ABAF /* Yahoo */,
				F0E41C0D2627DB8D0083ABAF /* Binance */,
				F0D4EF022615662500037B39 /* KKDay */,
			);
			path = Interview_Questions;
			sourceTree = "<group>";
		};
		F0D4EEDA260D8F8300037B39 /* Math */ = {
			isa = PBXGroup;
			children = (
				F0D4EE912608749800037B39 /* Q1103-DistributeCandiestoPeople_Test.swift */,
				F0D4EED2260D81AA00037B39 /* Q876-MiddleoftheLinkedList_Test.swift */,
				F0D4EEDF260D8F9300037B39 /* Q453-MinimumMovestoEqualArrayElements_Test.swift */,
			);
			path = Math;
			sourceTree = "<group>";
		};
		F0D4EEFD2615661C00037B39 /* KKDay */ = {
			isa = PBXGroup;
			children = (
				F0D4EE9E260B1C9C00037B39 /* KKDay_1_Test.swift */,
				F0D4EEA2260B1D5900037B39 /* KKDay_2_Test.swift */,
				F0D4EEAE260B4D3700037B39 /* KKDay_3_Test.swift */,
			);
			path = KKDay;
			sourceTree = "<group>";
		};
		F0D4EF022615662500037B39 /* KKDay */ = {
			isa = PBXGroup;
			children = (
				F0D4EE96260B1C4D00037B39 /* KKDay_1.swift */,
				F0D4EE9A260B1C8300037B39 /* KKDay_2.swift */,
				F0D4EEAA260B4B6400037B39 /* KKDay_3.swift */,
			);
			path = KKDay;
			sourceTree = "<group>";
		};
		F0D6235B2578DA1C004AF4AD /* Array */ = {
			isa = PBXGroup;
			children = (
				F0FDA5E525621E6500522381 /* Q11-ContainerWithMostWater_Test.swift */,
				F0D623562577A48F004AF4AD /* Q15-3Sum_Test.swift */,
				F0D6235D2578DA5A004AF4AD /* Q16-3SumClosest_Test.swift */,
				F0D6235F2578EBEF004AF4AD /* Q18-4Sum_Test.swift */,
				F0D623612578F105004AF4AD /* Q39_CombinationSum_Test.swift */,
				F0D623632578F405004AF4AD /* Q48_RotateImage_Test.swift */,
				F0D623652578F63B004AF4AD /* Q62-UniquePaths_Test.swift */,
				F0D4EE4525FB507900037B39 /* Q238-ProductofArrayExceptSelf_Test.swift */,
			);
			path = Array;
			sourceTree = "<group>";
		};
		F0D6235C2578DA2A004AF4AD /* Medium */ = {
			isa = PBXGroup;
			children = (
				F0E41C8A262E71580083ABAF /* LinkedList */,
				F0BECE4B25DFA010004960D9 /* String */,
				F0D6235B2578DA1C004AF4AD /* Array */,
				F0D4EE5925FF37BD00037B39 /* HashTable */,
			);
			path = Medium;
			sourceTree = "<group>";
		};
		F0E41C022627DB220083ABAF /* Binance */ = {
			isa = PBXGroup;
			children = (
				F0E41BFC262436560083ABAF /* Binance-ShortestStr_Test.swift */,
			);
			path = Binance;
			sourceTree = "<group>";
		};
		F0E41C0D2627DB8D0083ABAF /* Binance */ = {
			isa = PBXGroup;
			children = (
				F0E41BF8262434520083ABAF /* Binance-ShortestStr.swift */,
			);
			path = Binance;
			sourceTree = "<group>";
		};
		F0E41C3D262D26AC0083ABAF /* Yahoo */ = {
			isa = PBXGroup;
			children = (
				F05C92042330C174003DB2EB /* YahooInterview.swift */,
			);
			path = Yahoo;
			sourceTree = "<group>";
		};
		F0E41C40262D27060083ABAF /* DataStructure */ = {
			isa = PBXGroup;
			children = (
				F05C92082330C469003DB2EB /* LeetcodeStack.swift */,
				F0E41C43262D271D0083ABAF /* LeetcodeQueue.swift */,
			);
			path = DataStructure;
			sourceTree = "<group>";
		};
		F0E41C8A262E71580083ABAF /* LinkedList */ = {
			isa = PBXGroup;
			children = (
				F0E41C8B262E716B0083ABAF /* Q24-SwapNodesinPairs_Test.swift */,
			);
			path = LinkedList;
			sourceTree = "<group>";
		};
		F0E41C9D262E809A0083ABAF /* Tree */ = {
			isa = PBXGroup;
			children = (
				F0E41C95262E78CA0083ABAF /* Q100-SameTree_Test.swift */,
			);
			path = Tree;
			sourceTree = "<group>";
		};
		F0E80F592342FAF300808912 /* LeetcodeQuestion */ = {
			isa = PBXGroup;
			children = (
				F058E8C82542859E002885CC /* Easy */,
				F058E8C9254285A6002885CC /* Medium */,
				F058E8CA254285AC002885CC /* Hard */,
				F0D4EEA7260B4B3D00037B39 /* Interview_Questions */,
				F05C92062330C1A6003DB2EB /* Leetcode.swift */,
				F0E41C40262D27060083ABAF /* DataStructure */,
				F058E8F1254288D0002885CC /* Executable.swift */,
			);
			path = LeetcodeQuestion;
			sourceTree = "<group>";
		};
/* End PBXGroup section */

/* Begin PBXNativeTarget section */
		BC824256217B17590011CA7F /* Leetcode */ = {
			isa = PBXNativeTarget;
			buildConfigurationList = BC824274217B175E0011CA7F /* Build configuration list for PBXNativeTarget "Leetcode" */;
			buildPhases = (
				BC824253217B17590011CA7F /* Sources */,
				BC824254217B17590011CA7F /* Frameworks */,
				BC824255217B17590011CA7F /* Resources */,
			);
			buildRules = (
			);
			dependencies = (
			);
			name = Leetcode;
			productName = Leetcode;
			productReference = BC824257217B17590011CA7F /* Leetcode.app */;
			productType = "com.apple.product-type.application";
		};
		BC82426A217B175E0011CA7F /* LeetcodeTests */ = {
			isa = PBXNativeTarget;
			buildConfigurationList = BC824277217B175E0011CA7F /* Build configuration list for PBXNativeTarget "LeetcodeTests" */;
			buildPhases = (
				BC824267217B175E0011CA7F /* Sources */,
				BC824268217B175E0011CA7F /* Frameworks */,
				BC824269217B175E0011CA7F /* Resources */,
			);
			buildRules = (
			);
			dependencies = (
				BC82426D217B175E0011CA7F /* PBXTargetDependency */,
			);
			name = LeetcodeTests;
			productName = LeetcodeTests;
			productReference = BC82426B217B175E0011CA7F /* LeetcodeTests.xctest */;
			productType = "com.apple.product-type.bundle.unit-test";
		};
/* End PBXNativeTarget section */

/* Begin PBXProject section */
		BC82424F217B17590011CA7F /* Project object */ = {
			isa = PBXProject;
			attributes = {
				LastSwiftUpdateCheck = 0930;
				LastUpgradeCheck = 0930;
				ORGANIZATIONNAME = Sean;
				TargetAttributes = {
					BC824256217B17590011CA7F = {
						CreatedOnToolsVersion = 9.3;
					};
					BC82426A217B175E0011CA7F = {
						CreatedOnToolsVersion = 9.3;
						TestTargetID = BC824256217B17590011CA7F;
					};
				};
			};
			buildConfigurationList = BC824252217B17590011CA7F /* Build configuration list for PBXProject "Leetcode" */;
			compatibilityVersion = "Xcode 9.3";
			developmentRegion = en;
			hasScannedForEncodings = 0;
			knownRegions = (
				en,
				Base,
			);
			mainGroup = BC82424E217B17590011CA7F;
			productRefGroup = BC824258217B17590011CA7F /* Products */;
			projectDirPath = "";
			projectRoot = "";
			targets = (
				BC824256217B17590011CA7F /* Leetcode */,
				BC82426A217B175E0011CA7F /* LeetcodeTests */,
			);
		};
/* End PBXProject section */

/* Begin PBXResourcesBuildPhase section */
		BC824255217B17590011CA7F /* Resources */ = {
			isa = PBXResourcesBuildPhase;
			buildActionMask = 2147483647;
			files = (
				BC824265217B175D0011CA7F /* LaunchScreen.storyboard in Resources */,
				BC824262217B175D0011CA7F /* Assets.xcassets in Resources */,
				BC824260217B175A0011CA7F /* Main.storyboard in Resources */,
			);
			runOnlyForDeploymentPostprocessing = 0;
		};
		BC824269217B175E0011CA7F /* Resources */ = {
			isa = PBXResourcesBuildPhase;
			buildActionMask = 2147483647;
			files = (
			);
			runOnlyForDeploymentPostprocessing = 0;
		};
/* End PBXResourcesBuildPhase section */

/* Begin PBXSourcesBuildPhase section */
		BC824253217B17590011CA7F /* Sources */ = {
			isa = PBXSourcesBuildPhase;
			buildActionMask = 2147483647;
			files = (
				F0E41C44262D271D0083ABAF /* LeetcodeQueue.swift in Sources */,
				F0BECF6225F0BFE8004960D9 /* Q118-PascalsTriangle.swift in Sources */,
				F05C92092330C469003DB2EB /* LeetcodeStack.swift in Sources */,
				F0BECF3D25EE0FE1004960D9 /* Q832-FlippinganImage.swift in Sources */,
				F058E8FF2542D6B6002885CC /* Q39-CombinationSum.swift in Sources */,
				F058E9032542DA04002885CC /* Q2_AddTwoNumbers.swift in Sources */,
				F0D4EE4225FB4EFB00037B39 /* Q238-ProductofArrayExceptSelf.swift in Sources */,
				F0E41CBD26314D1E0083ABAF /* Q203-RemoveLinkedListElements.swift in Sources */,
				F0D62368257F1AFC004AF4AD /* Q415-AddStrings.swift in Sources */,
				F09452E2259085E5004042AC /* Q459-RepeatedSubstringPattern.swift in Sources */,
				F058E8F2254288D0002885CC /* Executable.swift in Sources */,
				F02A3266255AE0DB00230EE9 /* Q412-FizzBuzz.swift in Sources */,
				F0BECE5C25E35856004960D9 /* Q929-UniqueEmailAddresses.swift in Sources */,
				F0482190250687A000740590 /* Definition.swift in Sources */,
				F02A3268255AE5E200230EE9 /* Q383-RansomNote.swift in Sources */,
				F043BCF82568B67600B14544 /* Q461-HammingDistance .swift in Sources */,
				F0482192250FBA2000740590 /* Extension_String.swift in Sources */,
				F094540425A2C229004042AC /* Q434-NumberofSegmentsinaString.swift in Sources */,
				F0D4EE5F26007E2C00037B39 /* Q961-N-RepeatedElementinSize2NArray.swift in Sources */,
				F0BECF3525EDE7F1004960D9 /* Q922-SortArraybyParity.swift in Sources */,
				F058E8FD2542D612002885CC /* Q16-3SumClosest.swift in Sources */,
				F00EE63825440274004B5864 /* Q219_ContainsDuplicateII.swift in Sources */,
				F09453D8259C92C5004042AC /* Q925-LongPressedName.swift in Sources */,
				F0D4EED7260D8F0400037B39 /* Q453-MinimumMovestoEqualArrayElements.swift in Sources */,
				F09453192592E868004042AC /* Q551-StudentAttendanceRecord1.swift in Sources */,
				F058E90D25467BCD002885CC /* Q392_IsSubsequence.swift in Sources */,
				F0BECF6A25F0C560004960D9 /* Q119-PascalsTriangle2.swift in Sources */,
				BC82425D217B17590011CA7F /* ViewController.swift in Sources */,
				F0E41C92262E75790083ABAF /* Q100-SameTree.swift in Sources */,
				F0D4EDFA25F74F2F00037B39 /* Q561-ArrayPartition.swift in Sources */,
				F04989DD255F80B300FDE8DC /* Q264-UglyNumberII.swift in Sources */,
				BC82425B217B17590011CA7F /* AppDelegate.swift in Sources */,
				F0E41BF9262434520083ABAF /* Binance-ShortestStr.swift in Sources */,
				F0D4EE5225FF32E400037B39 /* Q347-TopKFrequentElements.swift in Sources */,
				F082AD44256BB6A800DE5AAD /* Q500-KeyboardRow.swift in Sources */,
				F048219525237E4400740590 /* Extension_Int.swift in Sources */,
				F0D4EE6E2603272600037B39 /* Q1002-FindCommonCharacters.swift in Sources */,
				F09453FA259DA83C004042AC /* Q345-ReverseVowelsofaString.swift in Sources */,
				F0D4EE9B260B1C8300037B39 /* KKDay_2.swift in Sources */,
				F02A3255254E8AD500230EE9 /* Q46-Permutations.swift in Sources */,
				F0D4CC0425F5F9BA007CEC68 /* Q867-TransposeMatrix.swift in Sources */,
				F0BECE3B25DE5DC8004960D9 /* Q521-LongestUncommonSubsequenceI.swift in Sources */,
				F058E90B2546797D002885CC /* Q260_SingleNumber|||.swift in Sources */,
				F04989DF255F85A900FDE8DC /* Q40-CombinationSumII.swift in Sources */,
				F02A325B254EB42700230EE9 /* Q22-GenerateParentheses.swift in Sources */,
				F09453102591C567004042AC /* Q520-DetectCapital.swift in Sources */,
				F0D4EE1625F9F01900037B39 /* Q985-SumofEvenNumbersAfterQueries.swift in Sources */,
				F0D4EE8E26086A0B00037B39 /* Q1103-DistributeCandiestoPeople.swift in Sources */,
				F058E8F025428845002885CC /* Q15-3Sum.swift in Sources */,
				F094532125931EE3004042AC /* Q557-ReverseWordsinaString3.swift in Sources */,
				F0D4EECF260D7E6800037B39 /* Q876-MiddleoftheLinkedList.swift in Sources */,
				F05C92072330C1A6003DB2EB /* Leetcode.swift in Sources */,
				F0D6235A2578D887004AF4AD /* whereClause.swift in Sources */,
				F09453F6259D9AE3004042AC /* Q696-CountBinarySubstrings.swift in Sources */,
				F02A3264255ADFF400230EE9 /* Q62-UniquePaths.swift in Sources */,
				F0E41C9A262E7B570083ABAF /* Q21-MergeTwoSortedLists.swift in Sources */,
				F0E80F582342FA5600808912 /* Others.swift in Sources */,
				F02A3257254E9D2500230EE9 /* Q48-RotateImage.swift in Sources */,
				F09453B9259AD8E3004042AC /* Q917-ReverseOnlyLetters.swift in Sources */,
				F02A3259254EB32800230EE9 /* Q17-LetterCombinationsOfAPhoneNumber.swift in Sources */,
				F00EE6362543D3EF004B5864 /* Q18-4Sum.swift in Sources */,
				F0E80F562342F9AC00808912 /* ClosurePractice.swift in Sources */,
				F0D4EEBB260C399F00037B39 /* Q1694-ReformatPhoneNumber.swift in Sources */,
				F0BECE6A25E4EE98004960D9 /* Q566-ReshapetheMatrix.swift in Sources */,
				F0194716254FD8A900F1AA09 /* Q404-SumOfLeftLeaves.swift in Sources */,
				F05C92052330C174003DB2EB /* YahooInterview.swift in Sources */,
				F02A32622557C9AD00230EE9 /* Q49-GroupAnagrams.swift in Sources */,
				F02A32532548626400230EE9 /* Q11-ContainerWithMostWater.swift in Sources */,
				F042855626306137000E2266 /* Q141-LinkedListCycle.swift in Sources */,
				F02A325F2555A1AE00230EE9 /* Q47-Permutations2.swift in Sources */,
				F0D4EEAB260B4B6400037B39 /* KKDay_3.swift in Sources */,
				F0D4EE97260B1C4D00037B39 /* KKDay_1.swift in Sources */,
				F04989E12562C44200FDE8DC /* Q414-ThirdMaximumNumber.swift in Sources */,
				F058E9012542D90F002885CC /* Q3-LongestSubstringWithoutRepeatingCharacters.swift in Sources */,
				F09453B5259AD174004042AC /* Q38-CountandSay.swift in Sources */,
				F0D4EE7E260497C800037B39 /* Q409-LongestPalindrome.swift in Sources */,
				F0D4CBF825F21EFD007CEC68 /* Q830-PositionsofLargeGroups.swift in Sources */,
				F0E41C87262E6F2A0083ABAF /* Q24-SwapNodesinPairs.swift in Sources */,
				F0D4EE762603347E00037B39 /* Q1365-HowManyNumbersAreSmallerThantheCurrentNumber.swift in Sources */,
			);
			runOnlyForDeploymentPostprocessing = 0;
		};
		BC824267217B175E0011CA7F /* Sources */ = {
			isa = PBXSourcesBuildPhase;
			buildActionMask = 2147483647;
			files = (
				F0BECE6E25E4F41E004960D9 /* Q566-ReshapetheMatrix_Test.swift in Sources */,
				F0D623602578EBEF004AF4AD /* Q18-4Sum_Test.swift in Sources */,
				F0D623622578F105004AF4AD /* Q39_CombinationSum_Test.swift in Sources */,
				F0D4EE922608749800037B39 /* Q1103-DistributeCandiestoPeople_Test.swift in Sources */,
				F0BECF6625F0C2E0004960D9 /* Q118-PascalsTriangle_Test.swift in Sources */,
				F0D623572577A48F004AF4AD /* Q15-3Sum_Test.swift in Sources */,
				F0FDA5E625621E6500522381 /* Q11-ContainerWithMostWater_Test.swift in Sources */,
				F0BECE3725DD0226004960D9 /* Q696-CountBinarySubstrings_Test.swift in Sources */,
				F042855A263061A8000E2266 /* Q141-LinkedListCycle_Test.swift in Sources */,
				F0D4EE9F260B1C9C00037B39 /* KKDay_1_Test.swift in Sources */,
				F0D4EEBF260C39E400037B39 /* Q1694-ReformatPhoneNumber_Test.swift in Sources */,
				F0D4EE8226049BFC00037B39 /* Q409-LongestPalindrome_Test.swift in Sources */,
				F0E41CC126314F800083ABAF /* Q203-RemoveLinkedListElements_Test.swift in Sources */,
				F0D4EDFE25F7500500037B39 /* Q561-ArrayPartition_Test.swift in Sources */,
				F0D4EE7226032F2000037B39 /* Q1002-FindCommonCharacters_Test.swift in Sources */,
				F094540825A2C26A004042AC /* Q434_NumberofSegmentsinaString_Test.swift in Sources */,
				F082AD7E25760EF800DE5AAD /* Testable.swift in Sources */,
				F0D623662578F63B004AF4AD /* Q62-UniquePaths_Test.swift in Sources */,
				F0D4CBFC25F2368A007CEC68 /* Q830-PositionsofLargeGroups_Test.swift in Sources */,
				F0E41BFD262436560083ABAF /* Binance-ShortestStr_Test.swift in Sources */,
				F0C83F4A257791F4002C06D2 /* Q11-ContainerWithMostWater.swift in Sources */,
				F082AD7C25760EB700DE5AAD /* SYBaseTestCase.swift in Sources */,
				F0BECF7025F0C71B004960D9 /* Q119-PascalsTriangle2_Test.swift in Sources */,
				F0D4EE6326007FA700037B39 /* Q961-N-RepeatedElementinSize2NArray_Test.swift in Sources */,
				F0BECF4125EE1190004960D9 /* Q832-FlippinganImage_Test.swift in Sources */,
				F0D4EED3260D81AB00037B39 /* Q876-MiddleoftheLinkedList_Test.swift in Sources */,
				F09453DC259C9A67004042AC /* Q925_LongPressedName_Test.swift in Sources */,
				F0D4CC0825F5FC4A007CEC68 /* Q867-TransposeMatrix_Test.swift in Sources */,
				F09453BD259ADBD4004042AC /* Q917_ReverseOnlyLetters_Test.swift in Sources */,
				F0D4EEE0260D8F9300037B39 /* Q453-MinimumMovestoEqualArrayElements_Test.swift in Sources */,
				F0BECE3F25DE5F16004960D9 /* Q521-LongestUncommonSubsequenceI_Test.swift in Sources */,
				F09453142591C8BA004042AC /* Q520_DetectCapital_Test.swift in Sources */,
				F0E41CA3262E80D60083ABAF /* Q21-MergeTwoSortedLists_Test.swift in Sources */,
				F0BECE4825DF9FF9004960D9 /* Q38-CountandSay_Test.swift in Sources */,
				F0D4EE1A25F9F1C500037B39 /* Q985-SumofEvenNumbersAfterQueries_Test.swift in Sources */,
				F0E41C8C262E716B0083ABAF /* Q24-SwapNodesinPairs_Test.swift in Sources */,
				F0D4EE5625FF37B700037B39 /* Q347-TopKFrequentElements_Test.swift in Sources */,
				BC824270217B175E0011CA7F /* LeetcodeTests.swift in Sources */,
				F0D623642578F405004AF4AD /* Q48_RotateImage_Test.swift in Sources */,
				F09453FE259DAE19004042AC /* Q345_ReverseVowelsofaString_Test.swift in Sources */,
				F0BECF3925EDE92B004960D9 /* Q922-SortArraybyParity_Test.swift in Sources */,
				F094531D25931BB2004042AC /* Q551_StudentAttendanceRecord1_Test.swift in Sources */,
				F0E41C96262E78CA0083ABAF /* Q100-SameTree_Test.swift in Sources */,
				F0BECE6225E38DEC004960D9 /* Q929-UniqueEmailAddresses_Test.swift in Sources */,
				F0D4EE7A26033CD100037B39 /* Q1365-HowManyNumbersAreSmallerThantheCurrentNumber_Test.swift in Sources */,
				F0D4EEA3260B1D5900037B39 /* KKDay_2_Test.swift in Sources */,
				F09452CC25907DBC004042AC /* Q415-AddStrings_Test.swift in Sources */,
				F094532525931F20004042AC /* Q557_ReverseWordsinaString3_Test.swift in Sources */,
				F09452E8259088A5004042AC /* Q459-RepeatedSubstringPattern_Test.swift in Sources */,
				F0D4EE4625FB507900037B39 /* Q238-ProductofArrayExceptSelf_Test.swift in Sources */,
				F0D6235E2578DA5A004AF4AD /* Q16-3SumClosest_Test.swift in Sources */,
				F0D4EEAF260B4D3700037B39 /* KKDay_3_Test.swift in Sources */,
				F082AD8525777BB600DE5AAD /* Executable.swift in Sources */,
			);
			runOnlyForDeploymentPostprocessing = 0;
		};
/* End PBXSourcesBuildPhase section */

/* Begin PBXTargetDependency section */
		BC82426D217B175E0011CA7F /* PBXTargetDependency */ = {
			isa = PBXTargetDependency;
			target = BC824256217B17590011CA7F /* Leetcode */;
			targetProxy = BC82426C217B175E0011CA7F /* PBXContainerItemProxy */;
		};
/* End PBXTargetDependency section */

/* Begin PBXVariantGroup section */
		BC82425E217B175A0011CA7F /* Main.storyboard */ = {
			isa = PBXVariantGroup;
			children = (
				BC82425F217B175A0011CA7F /* Base */,
			);
			name = Main.storyboard;
			sourceTree = "<group>";
		};
		BC824263217B175D0011CA7F /* LaunchScreen.storyboard */ = {
			isa = PBXVariantGroup;
			children = (
				BC824264217B175D0011CA7F /* Base */,
			);
			name = LaunchScreen.storyboard;
			sourceTree = "<group>";
		};
/* End PBXVariantGroup section */

/* Begin XCBuildConfiguration section */
		BC824272217B175E0011CA7F /* Debug */ = {
			isa = XCBuildConfiguration;
			buildSettings = {
				ALWAYS_SEARCH_USER_PATHS = NO;
				CLANG_ANALYZER_NONNULL = YES;
				CLANG_ANALYZER_NUMBER_OBJECT_CONVERSION = YES_AGGRESSIVE;
				CLANG_CXX_LANGUAGE_STANDARD = "gnu++14";
				CLANG_CXX_LIBRARY = "libc++";
				CLANG_ENABLE_MODULES = YES;
				CLANG_ENABLE_OBJC_ARC = YES;
				CLANG_ENABLE_OBJC_WEAK = YES;
				CLANG_WARN_BLOCK_CAPTURE_AUTORELEASING = YES;
				CLANG_WARN_BOOL_CONVERSION = YES;
				CLANG_WARN_COMMA = YES;
				CLANG_WARN_CONSTANT_CONVERSION = YES;
				CLANG_WARN_DEPRECATED_OBJC_IMPLEMENTATIONS = YES;
				CLANG_WARN_DIRECT_OBJC_ISA_USAGE = YES_ERROR;
				CLANG_WARN_DOCUMENTATION_COMMENTS = YES;
				CLANG_WARN_EMPTY_BODY = YES;
				CLANG_WARN_ENUM_CONVERSION = YES;
				CLANG_WARN_INFINITE_RECURSION = YES;
				CLANG_WARN_INT_CONVERSION = YES;
				CLANG_WARN_NON_LITERAL_NULL_CONVERSION = YES;
				CLANG_WARN_OBJC_IMPLICIT_RETAIN_SELF = YES;
				CLANG_WARN_OBJC_LITERAL_CONVERSION = YES;
				CLANG_WARN_OBJC_ROOT_CLASS = YES_ERROR;
				CLANG_WARN_RANGE_LOOP_ANALYSIS = YES;
				CLANG_WARN_STRICT_PROTOTYPES = YES;
				CLANG_WARN_SUSPICIOUS_MOVE = YES;
				CLANG_WARN_UNGUARDED_AVAILABILITY = YES_AGGRESSIVE;
				CLANG_WARN_UNREACHABLE_CODE = YES;
				CLANG_WARN__DUPLICATE_METHOD_MATCH = YES;
				CODE_SIGN_IDENTITY = "iPhone Developer";
				COPY_PHASE_STRIP = NO;
				DEBUG_INFORMATION_FORMAT = dwarf;
				ENABLE_STRICT_OBJC_MSGSEND = YES;
				ENABLE_TESTABILITY = YES;
				GCC_C_LANGUAGE_STANDARD = gnu11;
				GCC_DYNAMIC_NO_PIC = NO;
				GCC_NO_COMMON_BLOCKS = YES;
				GCC_OPTIMIZATION_LEVEL = 0;
				GCC_PREPROCESSOR_DEFINITIONS = (
					"DEBUG=1",
					"$(inherited)",
				);
				GCC_WARN_64_TO_32_BIT_CONVERSION = YES;
				GCC_WARN_ABOUT_RETURN_TYPE = YES_ERROR;
				GCC_WARN_UNDECLARED_SELECTOR = YES;
				GCC_WARN_UNINITIALIZED_AUTOS = YES_AGGRESSIVE;
				GCC_WARN_UNUSED_FUNCTION = YES;
				GCC_WARN_UNUSED_VARIABLE = YES;
				IPHONEOS_DEPLOYMENT_TARGET = 11.3;
				MTL_ENABLE_DEBUG_INFO = YES;
				ONLY_ACTIVE_ARCH = YES;
				SDKROOT = iphoneos;
				SWIFT_ACTIVE_COMPILATION_CONDITIONS = DEBUG;
				SWIFT_OPTIMIZATION_LEVEL = "-Onone";
			};
			name = Debug;
		};
		BC824273217B175E0011CA7F /* Release */ = {
			isa = XCBuildConfiguration;
			buildSettings = {
				ALWAYS_SEARCH_USER_PATHS = NO;
				CLANG_ANALYZER_NONNULL = YES;
				CLANG_ANALYZER_NUMBER_OBJECT_CONVERSION = YES_AGGRESSIVE;
				CLANG_CXX_LANGUAGE_STANDARD = "gnu++14";
				CLANG_CXX_LIBRARY = "libc++";
				CLANG_ENABLE_MODULES = YES;
				CLANG_ENABLE_OBJC_ARC = YES;
				CLANG_ENABLE_OBJC_WEAK = YES;
				CLANG_WARN_BLOCK_CAPTURE_AUTORELEASING = YES;
				CLANG_WARN_BOOL_CONVERSION = YES;
				CLANG_WARN_COMMA = YES;
				CLANG_WARN_CONSTANT_CONVERSION = YES;
				CLANG_WARN_DEPRECATED_OBJC_IMPLEMENTATIONS = YES;
				CLANG_WARN_DIRECT_OBJC_ISA_USAGE = YES_ERROR;
				CLANG_WARN_DOCUMENTATION_COMMENTS = YES;
				CLANG_WARN_EMPTY_BODY = YES;
				CLANG_WARN_ENUM_CONVERSION = YES;
				CLANG_WARN_INFINITE_RECURSION = YES;
				CLANG_WARN_INT_CONVERSION = YES;
				CLANG_WARN_NON_LITERAL_NULL_CONVERSION = YES;
				CLANG_WARN_OBJC_IMPLICIT_RETAIN_SELF = YES;
				CLANG_WARN_OBJC_LITERAL_CONVERSION = YES;
				CLANG_WARN_OBJC_ROOT_CLASS = YES_ERROR;
				CLANG_WARN_RANGE_LOOP_ANALYSIS = YES;
				CLANG_WARN_STRICT_PROTOTYPES = YES;
				CLANG_WARN_SUSPICIOUS_MOVE = YES;
				CLANG_WARN_UNGUARDED_AVAILABILITY = YES_AGGRESSIVE;
				CLANG_WARN_UNREACHABLE_CODE = YES;
				CLANG_WARN__DUPLICATE_METHOD_MATCH = YES;
				CODE_SIGN_IDENTITY = "iPhone Developer";
				COPY_PHASE_STRIP = NO;
				DEBUG_INFORMATION_FORMAT = "dwarf-with-dsym";
				ENABLE_NS_ASSERTIONS = NO;
				ENABLE_STRICT_OBJC_MSGSEND = YES;
				GCC_C_LANGUAGE_STANDARD = gnu11;
				GCC_NO_COMMON_BLOCKS = YES;
				GCC_WARN_64_TO_32_BIT_CONVERSION = YES;
				GCC_WARN_ABOUT_RETURN_TYPE = YES_ERROR;
				GCC_WARN_UNDECLARED_SELECTOR = YES;
				GCC_WARN_UNINITIALIZED_AUTOS = YES_AGGRESSIVE;
				GCC_WARN_UNUSED_FUNCTION = YES;
				GCC_WARN_UNUSED_VARIABLE = YES;
				IPHONEOS_DEPLOYMENT_TARGET = 11.3;
				MTL_ENABLE_DEBUG_INFO = NO;
				SDKROOT = iphoneos;
				SWIFT_COMPILATION_MODE = wholemodule;
				SWIFT_OPTIMIZATION_LEVEL = "-O";
				VALIDATE_PRODUCT = YES;
			};
			name = Release;
		};
		BC824275217B175E0011CA7F /* Debug */ = {
			isa = XCBuildConfiguration;
			buildSettings = {
				ASSETCATALOG_COMPILER_APPICON_NAME = AppIcon;
				CODE_SIGN_STYLE = Manual;
				DEVELOPMENT_TEAM = "";
				INFOPLIST_FILE = Leetcode/Info.plist;
				IPHONEOS_DEPLOYMENT_TARGET = 11.0;
				LD_RUNPATH_SEARCH_PATHS = (
					"$(inherited)",
					"@executable_path/Frameworks",
				);
				MACOSX_DEPLOYMENT_TARGET = 10.9;
				PRODUCT_BUNDLE_IDENTIFIER = com.ZihSiangYue.Leetcode;
				PRODUCT_NAME = "$(TARGET_NAME)";
				PROVISIONING_PROFILE_SPECIFIER = "";
				SWIFT_VERSION = 5.0;
				TARGETED_DEVICE_FAMILY = "1,2";
			};
			name = Debug;
		};
		BC824276217B175E0011CA7F /* Release */ = {
			isa = XCBuildConfiguration;
			buildSettings = {
				ASSETCATALOG_COMPILER_APPICON_NAME = AppIcon;
				CODE_SIGN_STYLE = Manual;
				DEVELOPMENT_TEAM = "";
				INFOPLIST_FILE = Leetcode/Info.plist;
				IPHONEOS_DEPLOYMENT_TARGET = 11.0;
				LD_RUNPATH_SEARCH_PATHS = (
					"$(inherited)",
					"@executable_path/Frameworks",
				);
				MACOSX_DEPLOYMENT_TARGET = 10.9;
				PRODUCT_BUNDLE_IDENTIFIER = com.ZihSiangYue.Leetcode;
				PRODUCT_NAME = "$(TARGET_NAME)";
				PROVISIONING_PROFILE_SPECIFIER = "";
				SWIFT_VERSION = 5.0;
				TARGETED_DEVICE_FAMILY = "1,2";
			};
			name = Release;
		};
		BC824278217B175E0011CA7F /* Debug */ = {
			isa = XCBuildConfiguration;
			buildSettings = {
				ALWAYS_EMBED_SWIFT_STANDARD_LIBRARIES = YES;
				BUNDLE_LOADER = "$(TEST_HOST)";
				CODE_SIGN_STYLE = Automatic;
				INFOPLIST_FILE = LeetcodeTests/Info.plist;
				LD_RUNPATH_SEARCH_PATHS = (
					"$(inherited)",
					"@executable_path/Frameworks",
					"@loader_path/Frameworks",
				);
				PRODUCT_BUNDLE_IDENTIFIER = com.ZihSiangYue.LeetcodeTests;
				PRODUCT_NAME = "$(TARGET_NAME)";
				SWIFT_VERSION = 4.0;
				TARGETED_DEVICE_FAMILY = "1,2";
				TEST_HOST = "$(BUILT_PRODUCTS_DIR)/Leetcode.app/Leetcode";
			};
			name = Debug;
		};
		BC824279217B175E0011CA7F /* Release */ = {
			isa = XCBuildConfiguration;
			buildSettings = {
				ALWAYS_EMBED_SWIFT_STANDARD_LIBRARIES = YES;
				BUNDLE_LOADER = "$(TEST_HOST)";
				CODE_SIGN_STYLE = Automatic;
				INFOPLIST_FILE = LeetcodeTests/Info.plist;
				LD_RUNPATH_SEARCH_PATHS = (
					"$(inherited)",
					"@executable_path/Frameworks",
					"@loader_path/Frameworks",
				);
				PRODUCT_BUNDLE_IDENTIFIER = com.ZihSiangYue.LeetcodeTests;
				PRODUCT_NAME = "$(TARGET_NAME)";
				SWIFT_VERSION = 4.0;
				TARGETED_DEVICE_FAMILY = "1,2";
				TEST_HOST = "$(BUILT_PRODUCTS_DIR)/Leetcode.app/Leetcode";
			};
			name = Release;
		};
/* End XCBuildConfiguration section */

/* Begin XCConfigurationList section */
		BC824252217B17590011CA7F /* Build configuration list for PBXProject "Leetcode" */ = {
			isa = XCConfigurationList;
			buildConfigurations = (
				BC824272217B175E0011CA7F /* Debug */,
				BC824273217B175E0011CA7F /* Release */,
			);
			defaultConfigurationIsVisible = 0;
			defaultConfigurationName = Release;
		};
		BC824274217B175E0011CA7F /* Build configuration list for PBXNativeTarget "Leetcode" */ = {
			isa = XCConfigurationList;
			buildConfigurations = (
				BC824275217B175E0011CA7F /* Debug */,
				BC824276217B175E0011CA7F /* Release */,
			);
			defaultConfigurationIsVisible = 0;
			defaultConfigurationName = Release;
		};
		BC824277217B175E0011CA7F /* Build configuration list for PBXNativeTarget "LeetcodeTests" */ = {
			isa = XCConfigurationList;
			buildConfigurations = (
				BC824278217B175E0011CA7F /* Debug */,
				BC824279217B175E0011CA7F /* Release */,
			);
			defaultConfigurationIsVisible = 0;
			defaultConfigurationName = Release;
		};
/* End XCConfigurationList section */
	};
	rootObject = BC82424F217B17590011CA7F /* Project object */;
}
